// !$*UTF8*$!
{
	archiveVersion = 1;
	classes = {
	};
	objectVersion = 46;
	objects = {

/* Begin PBXBuildFile section */
		0048C6314F5EE8F79C349F21 /* KubeconfigParser.swift in Sources */ = {isa = PBXBuildFile; fileRef = F22ABFE0D58271BEF1C782B6 /* KubeconfigParser.swift */; };
		031CB4D60A65F48F84CEC130 /* CivoLoadBalancer.swift in Sources */ = {isa = PBXBuildFile; fileRef = 4A318C70F53BD9648346CAFE /* CivoLoadBalancer.swift */; };
		03B0E27D9C1140A115E9D082 /* QuotaEditView.swift in Sources */ = {isa = PBXBuildFile; fileRef = 6FEC678CBA94690F848CF1F7 /* QuotaEditView.swift */; };
		0ABC1E4B52C487D93FFA2E5B /* ObjectStoreListView.swift in Sources */ = {isa = PBXBuildFile; fileRef = FA2DCEEDC8117A41FBC2CD5B /* ObjectStoreListView.swift */; };
		0CAA51AE471E89CD7C79074F /* CivoKubernetesService.swift in Sources */ = {isa = PBXBuildFile; fileRef = 427F5C2E5699C5774C494320 /* CivoKubernetesService.swift */; };
		11ECB11744FF019DB7879013 /* ActivityLog.swift in Sources */ = {isa = PBXBuildFile; fileRef = 4E5FEFF737E33744B27C841B /* ActivityLog.swift */; };
		13EC57681B3C60D23FCA9C5C /* APIHealthView.swift in Sources */ = {isa = PBXBuildFile; fileRef = 6C8E6CAAC1AD5DF9B154596C /* APIHealthView.swift */; };
		140D7968FF9324C834F697A3 /* PodExecView.swift in Sources */ = {isa = PBXBuildFile; fileRef = 618697D3D7D82F7D65EDCF86 /* PodExecView.swift */; };
		14C34DF3D62EA50F5593AC71 /* CivoSizeService.swift in Sources */ = {isa = PBXBuildFile; fileRef = 23D1F2CA91D34560B712C7E9 /* CivoSizeService.swift */; };
		1BDBCC9AD214C3280BE42876 /* CreateFirewallView.swift in Sources */ = {isa = PBXBuildFile; fileRef = 9CF001A1D2E20FC2079DBDCA /* CreateFirewallView.swift */; };
		1D6E0750575C50DCBF61A11B /* CivoFirewallService.swift in Sources */ = {isa = PBXBuildFile; fileRef = FF3B983A59EFD4C3E70560F6 /* CivoFirewallService.swift */; };
		1F46619D163FA7B8C31DC396 /* NetworkViewModel.swift in Sources */ = {isa = PBXBuildFile; fileRef = 982FE02EDBEB29B9297C9B00 /* NetworkViewModel.swift */; };
		1F53D892FB96A5B8444E7CE1 /* K8sMetrics.swift in Sources */ = {isa = PBXBuildFile; fileRef = 6573B0CCE355C008B097BE98 /* K8sMetrics.swift */; };
		26AE2B95EE1C325878952853 /* InfoPlist.strings in Resources */ = {isa = PBXBuildFile; fileRef = 3AFE7E9501806C0FDCDDE1E9 /* InfoPlist.strings */; };
		284AC248923AA2EA5CDA17B7 /* PrivacyInfo.xcprivacy in Resources */ = {isa = PBXBuildFile; fileRef = B5732ED7605F4B787E59C7E8 /* PrivacyInfo.xcprivacy */; };
		28F298316CEF805352753E99 /* StoreManager.swift in Sources */ = {isa = PBXBuildFile; fileRef = 8A2B3F1204BB739A272BBB9D /* StoreManager.swift */; };
		2A0541D7679D348A95BE47FA /* MainWindowView.swift in Sources */ = {isa = PBXBuildFile; fileRef = 47BC22D44A6BDA44A865773F /* MainWindowView.swift */; };
		2AB1468AFB1AA9D0DD469304 /* CreateNetworkView.swift in Sources */ = {isa = PBXBuildFile; fileRef = 9D863C92BB8355FC86FD7921 /* CreateNetworkView.swift */; };
		2B4750363DC0E85118915620 /* K8sStorage.swift in Sources */ = {isa = PBXBuildFile; fileRef = 4052BA575096852699579B5A /* K8sStorage.swift */; };
		2D237032E40313263AB2CF46 /* K8sNetworking.swift in Sources */ = {isa = PBXBuildFile; fileRef = 1BEE043E08E69F46FD825EB1 /* K8sNetworking.swift */; };
		2DB7B02BBEF1CB62D744F3A4 /* APIDecodingTests.swift in Sources */ = {isa = PBXBuildFile; fileRef = 385A5AEFCBB0529144D112AA /* APIDecodingTests.swift */; };
		2EC3DCCD6A0FF683DC0FB5E2 /* Cocoa.framework in Frameworks */ = {isa = PBXBuildFile; fileRef = DB89B065ECDE31538143FC3E /* Cocoa.framework */; };
		2EF85AB5C9373F85D1DC05E0 /* DatabaseListView.swift in Sources */ = {isa = PBXBuildFile; fileRef = F04DB08F4D84EE1B701922E0 /* DatabaseListView.swift */; };
		321B368FDE354821E460FFEF /* K8sConnectingView.swift in Sources */ = {isa = PBXBuildFile; fileRef = BB62487E4451FD2F578B3E9F /* K8sConnectingView.swift */; };
		34A4398F3278DF7FDF36355A /* CivoCloudManagerApp.swift in Sources */ = {isa = PBXBuildFile; fileRef = 3B128061D13283F1412979DC /* CivoCloudManagerApp.swift */; };
		35F330FC69A813F20C19C871 /* CreateDomainView.swift in Sources */ = {isa = PBXBuildFile; fileRef = 5531411EA45415DC78696414 /* CreateDomainView.swift */; };
		396F9D2639D20D77A9D2E3DA /* VolumeDetailView.swift in Sources */ = {isa = PBXBuildFile; fileRef = 285A563A8CF0FA4390D4D938 /* VolumeDetailView.swift */; };
		3C06A1AEBCC26E75518B8C5E /* HelpView.swift in Sources */ = {isa = PBXBuildFile; fileRef = 611244C5645319E3DD2DD6CA /* HelpView.swift */; };
		3C74B884CFC49A98528A587A /* CivoCharge.swift in Sources */ = {isa = PBXBuildFile; fileRef = 24636777C50BBB3191CDEE29 /* CivoCharge.swift */; };
		3CC8C0AFDCF2C9EAC2987D2E /* K8sConfig.swift in Sources */ = {isa = PBXBuildFile; fileRef = E4E32B8C0292ABE978042F2F /* K8sConfig.swift */; };
		3EEC6A5C8E952FB91D9E3CCD /* CivoDatabase.swift in Sources */ = {isa = PBXBuildFile; fileRef = 1FDC2D559CDF199ED3540F04 /* CivoDatabase.swift */; };
		407748008878968B390015AC /* CivoVolumeService.swift in Sources */ = {isa = PBXBuildFile; fileRef = 119A83B46A65A4C30306BE66 /* CivoVolumeService.swift */; };
		426D364547D92AF1C603A36C /* CivoNetwork.swift in Sources */ = {isa = PBXBuildFile; fileRef = B179BC5D3C6C2737200FE5B5 /* CivoNetwork.swift */; };
		459E8D06D65AB6DA9962A265 /* Cocoa.framework in Frameworks */ = {isa = PBXBuildFile; fileRef = DB89B065ECDE31538143FC3E /* Cocoa.framework */; };
		4778BBCA885824866A8DAFD7 /* EditLabelsView.swift in Sources */ = {isa = PBXBuildFile; fileRef = C50E6CD15E3F39C39FE6FAA9 /* EditLabelsView.swift */; };
		4DB17DCC7D2CBF8F9B39921A /* OnboardingView.swift in Sources */ = {isa = PBXBuildFile; fileRef = 88481839AA22E9CED63C5D51 /* OnboardingView.swift */; };
		4E8CDE3EFCFA23ACB58217D9 /* CreateDNSRecordView.swift in Sources */ = {isa = PBXBuildFile; fileRef = C0A04686E2FC426D2C4B8A75 /* CreateDNSRecordView.swift */; };
		50405F446AC33DA87C55A96D /* K8sPodListView.swift in Sources */ = {isa = PBXBuildFile; fileRef = 9208F7C3043B470D09B6E5F2 /* K8sPodListView.swift */; };
		512623E040E484F055DE63AC /* QuotaGauge.swift in Sources */ = {isa = PBXBuildFile; fileRef = 9B01D46854B56A4823DA0330 /* QuotaGauge.swift */; };
		513524E90019F237FA4614DC /* S3Client.swift in Sources */ = {isa = PBXBuildFile; fileRef = 2C7E5EDF83B18061721A8368 /* S3Client.swift */; };
		548833FEB722C3B9F7FE72CF /* VolumeViewModel.swift in Sources */ = {isa = PBXBuildFile; fileRef = 51B062260472FCFDFF253E9F /* VolumeViewModel.swift */; };
		54ECDA98AB411E6933B11B61 /* NotificationService.swift in Sources */ = {isa = PBXBuildFile; fileRef = DC352D39317C1587B65F3290 /* NotificationService.swift */; };
		5548DD7A364ABF335B4644B2 /* PaywallView.swift in Sources */ = {isa = PBXBuildFile; fileRef = DBF124BAA294FA2132745A3A /* PaywallView.swift */; };
		55F8F5D6B5EE5A2EE1966FC8 /* RateEditorView.swift in Sources */ = {isa = PBXBuildFile; fileRef = B603EEEBA9DCFD1B87098CAF /* RateEditorView.swift */; };
		58E4FC5F2AD63FF75334D043 /* IPPreset.swift in Sources */ = {isa = PBXBuildFile; fileRef = 3AF890BB389705BC2A4C42E1 /* IPPreset.swift */; };
		5952E1EE8CECC3F32EC5C45E /* CivoVolume.swift in Sources */ = {isa = PBXBuildFile; fileRef = EE9DCCC44FD39C2F22151596 /* CivoVolume.swift */; };
		5C3C916FEE0BB5D8C470903A /* FirewallRule.swift in Sources */ = {isa = PBXBuildFile; fileRef = 229E5EEEB95B86DFFC416FD2 /* FirewallRule.swift */; };
		5C4923F752F62B65D93A16A8 /* InstanceListView.swift in Sources */ = {isa = PBXBuildFile; fileRef = BE75AFA851289BE4F036FCF9 /* InstanceListView.swift */; };
		613988765DB18F19D7936F26 /* ErrorBanner.swift in Sources */ = {isa = PBXBuildFile; fileRef = 78272E8FB0A6CE7852764B12 /* ErrorBanner.swift */; };
		61F5367A5E9DD32E68020FE1 /* SSHKeychain.swift in Sources */ = {isa = PBXBuildFile; fileRef = AD0F62EB7E21B32EBD060ECF /* SSHKeychain.swift */; };
		672FBCAB272D965EEA1503A7 /* CivoInstance.swift in Sources */ = {isa = PBXBuildFile; fileRef = 93A67F276CE2F62C20312CD2 /* CivoInstance.swift */; };
		69AD6A864491F4044F2B011F /* MenuBarView.swift in Sources */ = {isa = PBXBuildFile; fileRef = 1E080D4B547AA2B37914090E /* MenuBarView.swift */; };
		69F6E27FFCDC4B883A1AFD23 /* LoadBalancerDetailView.swift in Sources */ = {isa = PBXBuildFile; fileRef = B8EA322020F051CCE26A7200 /* LoadBalancerDetailView.swift */; };
		6ABFB7143AA331C58109F97C /* ObjectStorePauseService.swift in Sources */ = {isa = PBXBuildFile; fileRef = 84180BA7584ACEED6FC47A99 /* ObjectStorePauseService.swift */; };
		6CCEA847DF32006176D3A9D4 /* ObjectStoreDetailView.swift in Sources */ = {isa = PBXBuildFile; fileRef = 23455AFA03C51527C20C9FD9 /* ObjectStoreDetailView.swift */; };
		6D378161BBA02573371EC695 /* CivoQuotaService.swift in Sources */ = {isa = PBXBuildFile; fileRef = CD73BD70AC93DDA0F4B4C10C /* CivoQuotaService.swift */; };
		6DC5321D1EB4C817873A02D1 /* Logger.swift in Sources */ = {isa = PBXBuildFile; fileRef = 6058B306C16FA7AC278A657B /* Logger.swift */; };
		716E6BD4C5E741C395B6C359 /* CreateObjectStoreView.swift in Sources */ = {isa = PBXBuildFile; fileRef = 865A0EAD2DDB9B17FCF3CF89 /* CreateObjectStoreView.swift */; };
		71D77DA989DA3B6D59A255A3 /* ClusterDetailView.swift in Sources */ = {isa = PBXBuildFile; fileRef = 541FD48B68AB64C17DAEF5F2 /* ClusterDetailView.swift */; };
		73B424698FAA739D40320F7C /* CivoKubernetes.swift in Sources */ = {isa = PBXBuildFile; fileRef = 59B503D5F35DCF0E1704B29E /* CivoKubernetes.swift */; };
		753975F3D82D9435CD26F674 /* DatabaseDetailView.swift in Sources */ = {isa = PBXBuildFile; fileRef = 85983282A122A979440979C5 /* DatabaseDetailView.swift */; };
		7C871A1C8AC91B05ED99D8D1 /* PodLogView.swift in Sources */ = {isa = PBXBuildFile; fileRef = 371F72DDF5C28CE579789154 /* PodLogView.swift */; };
		7EF19B51E1ED62E56F211D5F /* HelmRelease.swift in Sources */ = {isa = PBXBuildFile; fileRef = 837D1AE2173B4355ACCED79B /* HelmRelease.swift */; };
		7F7EA0C54266FD4D7D5A4ED1 /* PausedObjectStore.swift in Sources */ = {isa = PBXBuildFile; fileRef = 1693AEFF49056D27CAE40A92 /* PausedObjectStore.swift */; };
		7F9DA8BCE0824BFB59A51683 /* CivoQuota.swift in Sources */ = {isa = PBXBuildFile; fileRef = AE84E4DD07E304399A5562A3 /* CivoQuota.swift */; };
		7FEC86C8EA929C8AD1D4401A /* K8sPod.swift in Sources */ = {isa = PBXBuildFile; fileRef = 78B5D4692DA28F2E46B9EA19 /* K8sPod.swift */; };
		81225037F5B1D1E36B35DDD8 /* DashboardViewModel.swift in Sources */ = {isa = PBXBuildFile; fileRef = 8CD1B523085B1FE88F1390E7 /* DashboardViewModel.swift */; };
		827BF0CFC34CB7D5CA8417BD /* FirewallListView.swift in Sources */ = {isa = PBXBuildFile; fileRef = F9076D7FD4A8D5253BDED5CD /* FirewallListView.swift */; };
		8329080CBAC20C99388925D8 /* InstanceDetailView.swift in Sources */ = {isa = PBXBuildFile; fileRef = EF44F5E3DEF4B58AF3241C8A /* InstanceDetailView.swift */; };
		8613EAA5ADFEB7622FA9F267 /* Localizable.xcstrings in Resources */ = {isa = PBXBuildFile; fileRef = 30C29B5780C5BD66D7761CAA /* Localizable.xcstrings */; };
		885F48ED34CA628EBE7F2828 /* ResourceListRow.swift in Sources */ = {isa = PBXBuildFile; fileRef = 53AF79153962272EBDD278F1 /* ResourceListRow.swift */; };
		88C7C637BF28A53B3619531D /* K8sNode.swift in Sources */ = {isa = PBXBuildFile; fileRef = C8164394F2606510AF90B1DC /* K8sNode.swift */; };
		892FCB7DC09D656750106A3A /* DomainListView.swift in Sources */ = {isa = PBXBuildFile; fileRef = 139202D046776B2447E7538A /* DomainListView.swift */; };
		8DE6B49790C0D22A4AE4B088 /* K8sNodeDetailView.swift in Sources */ = {isa = PBXBuildFile; fileRef = 65ECBE7F88791326260A0FD0 /* K8sNodeDetailView.swift */; };
		907441463543C41FE777296C /* CivoSize.swift in Sources */ = {isa = PBXBuildFile; fileRef = A20A85AE8A0AAB61AEB6A794 /* CivoSize.swift */; };
		913AB386747BFB374D3AFCE2 /* CivoLoadBalancerService.swift in Sources */ = {isa = PBXBuildFile; fileRef = 09EFA041BE8A148D92D497B3 /* CivoLoadBalancerService.swift */; };
		94BA1B32385BCFAC0C0FDF89 /* SparklineView.swift in Sources */ = {isa = PBXBuildFile; fileRef = BE58D59A701E14C63EE6DB83 /* SparklineView.swift */; };
		96C8BD64B63F89FC1A466BF2 /* CreateInstanceView.swift in Sources */ = {isa = PBXBuildFile; fileRef = 2C13645C38DACFF711738E83 /* CreateInstanceView.swift */; };
		975EC513B73253687459C6C5 /* K8sEvent.swift in Sources */ = {isa = PBXBuildFile; fileRef = E65306F70453D10A71A4761E /* K8sEvent.swift */; };
		9CC40A13E99804123BFAFFC3 /* CivoAccessLabel.swift in Sources */ = {isa = PBXBuildFile; fileRef = D33F386D8A57C822AE215281 /* CivoAccessLabel.swift */; };
		9E953B01155C3E5BDB427123 /* ExportView.swift in Sources */ = {isa = PBXBuildFile; fileRef = ECBA6FF0E44C565460FE7EC0 /* ExportView.swift */; };
		9E96AAFD3703722C2DBCAE5E /* KubernetesViewModel.swift in Sources */ = {isa = PBXBuildFile; fileRef = 356D95AD09E1E50978D20D5C /* KubernetesViewModel.swift */; };
		A0F4E426FF1D7B3A27BB7796 /* RegionViewModel.swift in Sources */ = {isa = PBXBuildFile; fileRef = 08EA781C6BA65D4C87E30D2A /* RegionViewModel.swift */; };
		A2A4F5350240F0936399A783 /* CivoDomain.swift in Sources */ = {isa = PBXBuildFile; fileRef = 19D85BF2203CFAB31EC1772C /* CivoDomain.swift */; };
		A492A7FBCCAE211062D50079 /* CivoDiskImage.swift in Sources */ = {isa = PBXBuildFile; fileRef = 9FCA198873A8982E8D24319F /* CivoDiskImage.swift */; };
		A5835E1FCB6E30D6E95108FC /* CredentialListView.swift in Sources */ = {isa = PBXBuildFile; fileRef = 44DB18154AC50CA130D2FB09 /* CredentialListView.swift */; };
		A59742F6DF25FCF2EB1AE9C6 /* StaggeredAppear.swift in Sources */ = {isa = PBXBuildFile; fileRef = CEA8410988E047AA5A0FA5D8 /* StaggeredAppear.swift */; };
		A6580612ACEB21975C669D0D /* CreateSSHKeyView.swift in Sources */ = {isa = PBXBuildFile; fileRef = B75A46752B5DE0BC53F6AA21 /* CreateSSHKeyView.swift */; };
		A8B8CE7E9765EE121B00A62E /* CivoConfig.swift in Sources */ = {isa = PBXBuildFile; fileRef = F953ABDE939CB530828314B8 /* CivoConfig.swift */; };
		A8D9E6056F792A9B5B3C146B /* CivoDomainService.swift in Sources */ = {isa = PBXBuildFile; fileRef = 09EC708C7CF21BD04266D608 /* CivoDomainService.swift */; };
		AAE860F53ABC3CC6A32456D1 /* SSHKeyListView.swift in Sources */ = {isa = PBXBuildFile; fileRef = A330325FCF5408E7D101EEE0 /* SSHKeyListView.swift */; };
		AE434A3F993D37ED14D0425C /* KubernetesAPIClient.swift in Sources */ = {isa = PBXBuildFile; fileRef = B438532CEAB87ACE7FE3EAD9 /* KubernetesAPIClient.swift */; };
		AFC0ECE2CD7BBEDDBF99B74A /* CivoObjectStoreCredential.swift in Sources */ = {isa = PBXBuildFile; fileRef = 1A4FC9558B135D603AC2BB25 /* CivoObjectStoreCredential.swift */; };
		B0D00784851F20F1FDAEFC13 /* CivoObjectStoreService.swift in Sources */ = {isa = PBXBuildFile; fileRef = DB215CC1AD313B8729ED3E16 /* CivoObjectStoreService.swift */; };
		B60C62798B450D852A9DA6BF /* SuccessOverlay.swift in Sources */ = {isa = PBXBuildFile; fileRef = FECCC382DD128691627D9B04 /* SuccessOverlay.swift */; };
		B8E523E4D740B9D2E71F35B1 /* RegionListView.swift in Sources */ = {isa = PBXBuildFile; fileRef = F45EDC4E0AD6ACB0769F05AE /* RegionListView.swift */; };
		B9CD1BF413043BD4E942A848 /* IPDetector.swift in Sources */ = {isa = PBXBuildFile; fileRef = C25A7DC489DFA0E4E49034B4 /* IPDetector.swift */; };
		BD448021D87AB4D03482C45A /* SizePickerGrid.swift in Sources */ = {isa = PBXBuildFile; fileRef = 1CC0859594861435DF119AAC /* SizePickerGrid.swift */; };
		BE737268568E5E5296EAAF8D /* CivoRegionService.swift in Sources */ = {isa = PBXBuildFile; fileRef = A5D4DFF0F2B2AE3D63C83F2E /* CivoRegionService.swift */; };
		BF1DF65ED69D37793CA9C5F0 /* ClusterListView.swift in Sources */ = {isa = PBXBuildFile; fileRef = F42F5740ED2DAB63A6C76059 /* ClusterListView.swift */; };
		BF203900BC7433A55D6C7956 /* DeleteConfirmationSheet.swift in Sources */ = {isa = PBXBuildFile; fileRef = CE48C43BE86B2443BB86D258 /* DeleteConfirmationSheet.swift */; };
		BFC24D5CFC699F0B4B3BB282 /* DatabaseViewModel.swift in Sources */ = {isa = PBXBuildFile; fileRef = 7F26AD9AE845091B084D7C1F /* DatabaseViewModel.swift */; };
		C0194B4EB9FCF712C42F8AAE /* DomainViewModel.swift in Sources */ = {isa = PBXBuildFile; fileRef = F41379F596E3D4C00FCFD675 /* DomainViewModel.swift */; };
		C1007A55EA2064D663C8589B /* CivoSSHKeyService.swift in Sources */ = {isa = PBXBuildFile; fileRef = 00892F556E339C6DA8722EB4 /* CivoSSHKeyService.swift */; };
		C26A84FA3B7230665144CF0E /* Assets.xcassets in Resources */ = {isa = PBXBuildFile; fileRef = F05D70928F4E7B5143C97B40 /* Assets.xcassets */; };
		C3A4EB341CC1BA9D8FB5DB38 /* NetworkListView.swift in Sources */ = {isa = PBXBuildFile; fileRef = 9A0D734E5AADEC5426048D0D /* NetworkListView.swift */; };
		C7595ED1E819E71B267AFC8A /* InstanceViewModel.swift in Sources */ = {isa = PBXBuildFile; fileRef = F01918F95778C2210D574D04 /* InstanceViewModel.swift */; };
		CBC10B774A879C518C119298 /* AboutView.swift in Sources */ = {isa = PBXBuildFile; fileRef = 6C38900AD57D6A3AA1BE8D86 /* AboutView.swift */; };
		CBE791DF55C81D2069CD3487 /* CivoNetworkService.swift in Sources */ = {isa = PBXBuildFile; fileRef = A99F4DBBE587D406F9C61231 /* CivoNetworkService.swift */; };
		CCD59B14F52486292E202441 /* CivoAPIClient.swift in Sources */ = {isa = PBXBuildFile; fileRef = 2E3F800DB4559087DDA1A05F /* CivoAPIClient.swift */; };
		CD1920BAE3207E9019C7B47F /* CivoChargesService.swift in Sources */ = {isa = PBXBuildFile; fileRef = 94407D39E1C196B6486FC650 /* CivoChargesService.swift */; };
		CF9F71CB4409F917A64531A8 /* CivoInstanceService.swift in Sources */ = {isa = PBXBuildFile; fileRef = C75DC139DADC42F79E5D8F30 /* CivoInstanceService.swift */; };
		D211C0CEEDBAC68A66D8E7DA /* CivoRegion.swift in Sources */ = {isa = PBXBuildFile; fileRef = B90DE16F3B60F3AB46A19FAD /* CivoRegion.swift */; };
		D2274BF5A9886FF813D32F58 /* DashboardView.swift in Sources */ = {isa = PBXBuildFile; fileRef = 6C416A972F713EDEE76B1EA1 /* DashboardView.swift */; };
		E2E5DE186A4B975A32D0ADD9 /* CivoSSHKey.swift in Sources */ = {isa = PBXBuildFile; fileRef = 6AC522011F72417D84D6479C /* CivoSSHKey.swift */; };
		E58574531FEC680D110F53C2 /* EmptyStateView.swift in Sources */ = {isa = PBXBuildFile; fileRef = 96924B1B50C19D9665E1D252 /* EmptyStateView.swift */; };
		E6A6AF911D33CCFEEE0A3AF6 /* K8sWorkload.swift in Sources */ = {isa = PBXBuildFile; fileRef = D730A1AEFCAFE05E6012ADE3 /* K8sWorkload.swift */; };
		E7F063AAE44EB61F9CBD888F /* CreateClusterView.swift in Sources */ = {isa = PBXBuildFile; fileRef = F2FFA22F094F0014BBCE2A8F /* CreateClusterView.swift */; };
		EC3E72BAEDE07422A50EF33E /* QuickSearchView.swift in Sources */ = {isa = PBXBuildFile; fileRef = 1FFCD8C8D51F41F28ED5370D /* QuickSearchView.swift */; };
		EC5AAB7DC191448F60CD7959 /* VolumeListView.swift in Sources */ = {isa = PBXBuildFile; fileRef = 85B6B375E3D2A3808726F712 /* VolumeListView.swift */; };
		EFA7E70AB8444AE2999DC969 /* CreateRuleView.swift in Sources */ = {isa = PBXBuildFile; fileRef = B1FB061BEA512A1FA88E34EA /* CreateRuleView.swift */; };
		F05AD484AF3628B9D2B9C577 /* CivoDatabaseService.swift in Sources */ = {isa = PBXBuildFile; fileRef = DD0E621B8A284E2DEA9AD09B /* CivoDatabaseService.swift */; };
		F13E64C912A91CE2F8FD8012 /* ObjectStoreBrowserView.swift in Sources */ = {isa = PBXBuildFile; fileRef = 41F803DCD5E699794A5E2F38 /* ObjectStoreBrowserView.swift */; };
		F509E7FC3A31BA71147F314D /* LoadBalancerListView.swift in Sources */ = {isa = PBXBuildFile; fileRef = 3A7CA8D131FFE0C87209269A /* LoadBalancerListView.swift */; };
		F5743F6D3DD9D721C81B5F02 /* ObjectStorePauseView.swift in Sources */ = {isa = PBXBuildFile; fileRef = 26FD7A4BB9C1ACD67A6F662D /* ObjectStorePauseView.swift */; };
		F6F922A548293F13A135D42B /* CostDashboardView.swift in Sources */ = {isa = PBXBuildFile; fileRef = 86735EED01F2D8BA1F04558F /* CostDashboardView.swift */; };
		F7932F2F6136032F8147B674 /* AppState.swift in Sources */ = {isa = PBXBuildFile; fileRef = 9EAF45889895EE0C2002FE44 /* AppState.swift */; };
		F8E59DF15B5E473A3E1EB661 /* FirewallDetailView.swift in Sources */ = {isa = PBXBuildFile; fileRef = 05845953997D598F9CF53203 /* FirewallDetailView.swift */; };
		F94DA13AA618B853504B71E9 /* CreateDatabaseView.swift in Sources */ = {isa = PBXBuildFile; fileRef = 982A7E32A9CBAD68B4E63ED5 /* CreateDatabaseView.swift */; };
		F9C47FDCDC04C1C5006271EB /* CreateVolumeView.swift in Sources */ = {isa = PBXBuildFile; fileRef = 9D2DD872423A252DACA2ED1A /* CreateVolumeView.swift */; };
		FAAC509E66D41F87401520CD /* CivoObjectStore.swift in Sources */ = {isa = PBXBuildFile; fileRef = F4E1448D6889E0EE066A4CBB /* CivoObjectStore.swift */; };
		FAAF3DCA9262EA12FE8B4DCB /* StatusBadge.swift in Sources */ = {isa = PBXBuildFile; fileRef = 05DFE2E2DF24970B74AA501F /* StatusBadge.swift */; };
/* End PBXBuildFile section */

/* Begin PBXContainerItemProxy section */
		6EE99BD2BFF530AE34F201DB /* PBXContainerItemProxy */ = {
			isa = PBXContainerItemProxy;
			containerPortal = AF5037AF23E36864EDBC4F36 /* Project object */;
			proxyType = 1;
			remoteGlobalIDString = 8C1FD72A050E4F08DB9A1650;
			remoteInfo = CivoCloudManager;
		};
/* End PBXContainerItemProxy section */

/* Begin PBXFileReference section */
		00892F556E339C6DA8722EB4 /* CivoSSHKeyService.swift */ = {isa = PBXFileReference; includeInIndex = 1; lastKnownFileType = sourcecode.swift; path = CivoSSHKeyService.swift; sourceTree = "<group>"; };
		00CD9DB9A03A109233D41DBD /* fr */ = {isa = PBXFileReference; includeInIndex = 1; lastKnownFileType = text.plist.strings; name = fr; path = fr.lproj/InfoPlist.strings; sourceTree = "<group>"; };
		05845953997D598F9CF53203 /* FirewallDetailView.swift */ = {isa = PBXFileReference; includeInIndex = 1; lastKnownFileType = sourcecode.swift; path = FirewallDetailView.swift; sourceTree = "<group>"; };
		05DFE2E2DF24970B74AA501F /* StatusBadge.swift */ = {isa = PBXFileReference; includeInIndex = 1; lastKnownFileType = sourcecode.swift; path = StatusBadge.swift; sourceTree = "<group>"; };
		08EA781C6BA65D4C87E30D2A /* RegionViewModel.swift */ = {isa = PBXFileReference; includeInIndex = 1; lastKnownFileType = sourcecode.swift; path = RegionViewModel.swift; sourceTree = "<group>"; };
		09EC708C7CF21BD04266D608 /* CivoDomainService.swift */ = {isa = PBXFileReference; includeInIndex = 1; lastKnownFileType = sourcecode.swift; path = CivoDomainService.swift; sourceTree = "<group>"; };
		09EFA041BE8A148D92D497B3 /* CivoLoadBalancerService.swift */ = {isa = PBXFileReference; includeInIndex = 1; lastKnownFileType = sourcecode.swift; path = CivoLoadBalancerService.swift; sourceTree = "<group>"; };
		119A83B46A65A4C30306BE66 /* CivoVolumeService.swift */ = {isa = PBXFileReference; includeInIndex = 1; lastKnownFileType = sourcecode.swift; path = CivoVolumeService.swift; sourceTree = "<group>"; };
		139202D046776B2447E7538A /* DomainListView.swift */ = {isa = PBXFileReference; includeInIndex = 1; lastKnownFileType = sourcecode.swift; path = DomainListView.swift; sourceTree = "<group>"; };
		1693AEFF49056D27CAE40A92 /* PausedObjectStore.swift */ = {isa = PBXFileReference; includeInIndex = 1; lastKnownFileType = sourcecode.swift; path = PausedObjectStore.swift; sourceTree = "<group>"; };
		19D85BF2203CFAB31EC1772C /* CivoDomain.swift */ = {isa = PBXFileReference; includeInIndex = 1; lastKnownFileType = sourcecode.swift; path = CivoDomain.swift; sourceTree = "<group>"; };
		1A4FC9558B135D603AC2BB25 /* CivoObjectStoreCredential.swift */ = {isa = PBXFileReference; includeInIndex = 1; lastKnownFileType = sourcecode.swift; path = CivoObjectStoreCredential.swift; sourceTree = "<group>"; };
		1BEE043E08E69F46FD825EB1 /* K8sNetworking.swift */ = {isa = PBXFileReference; includeInIndex = 1; lastKnownFileType = sourcecode.swift; path = K8sNetworking.swift; sourceTree = "<group>"; };
		1CC0859594861435DF119AAC /* SizePickerGrid.swift */ = {isa = PBXFileReference; includeInIndex = 1; lastKnownFileType = sourcecode.swift; path = SizePickerGrid.swift; sourceTree = "<group>"; };
		1D4BDDF3AA8CE6F2EC6DD868 /* en */ = {isa = PBXFileReference; includeInIndex = 1; lastKnownFileType = text.plist.strings; name = en; path = en.lproj/InfoPlist.strings; sourceTree = "<group>"; };
		1E080D4B547AA2B37914090E /* MenuBarView.swift */ = {isa = PBXFileReference; includeInIndex = 1; lastKnownFileType = sourcecode.swift; path = MenuBarView.swift; sourceTree = "<group>"; };
		1FDC2D559CDF199ED3540F04 /* CivoDatabase.swift */ = {isa = PBXFileReference; includeInIndex = 1; lastKnownFileType = sourcecode.swift; path = CivoDatabase.swift; sourceTree = "<group>"; };
		1FFCD8C8D51F41F28ED5370D /* QuickSearchView.swift */ = {isa = PBXFileReference; includeInIndex = 1; lastKnownFileType = sourcecode.swift; path = QuickSearchView.swift; sourceTree = "<group>"; };
		229E5EEEB95B86DFFC416FD2 /* FirewallRule.swift */ = {isa = PBXFileReference; includeInIndex = 1; lastKnownFileType = sourcecode.swift; path = FirewallRule.swift; sourceTree = "<group>"; };
		23455AFA03C51527C20C9FD9 /* ObjectStoreDetailView.swift */ = {isa = PBXFileReference; includeInIndex = 1; lastKnownFileType = sourcecode.swift; path = ObjectStoreDetailView.swift; sourceTree = "<group>"; };
		23D1F2CA91D34560B712C7E9 /* CivoSizeService.swift */ = {isa = PBXFileReference; includeInIndex = 1; lastKnownFileType = sourcecode.swift; path = CivoSizeService.swift; sourceTree = "<group>"; };
		24636777C50BBB3191CDEE29 /* CivoCharge.swift */ = {isa = PBXFileReference; includeInIndex = 1; lastKnownFileType = sourcecode.swift; path = CivoCharge.swift; sourceTree = "<group>"; };
		26FD7A4BB9C1ACD67A6F662D /* ObjectStorePauseView.swift */ = {isa = PBXFileReference; includeInIndex = 1; lastKnownFileType = sourcecode.swift; path = ObjectStorePauseView.swift; sourceTree = "<group>"; };
		285A563A8CF0FA4390D4D938 /* VolumeDetailView.swift */ = {isa = PBXFileReference; includeInIndex = 1; lastKnownFileType = sourcecode.swift; path = VolumeDetailView.swift; sourceTree = "<group>"; };
		2C13645C38DACFF711738E83 /* CreateInstanceView.swift */ = {isa = PBXFileReference; includeInIndex = 1; lastKnownFileType = sourcecode.swift; path = CreateInstanceView.swift; sourceTree = "<group>"; };
		2C7E5EDF83B18061721A8368 /* S3Client.swift */ = {isa = PBXFileReference; includeInIndex = 1; lastKnownFileType = sourcecode.swift; path = S3Client.swift; sourceTree = "<group>"; };
		2E3F800DB4559087DDA1A05F /* CivoAPIClient.swift */ = {isa = PBXFileReference; includeInIndex = 1; lastKnownFileType = sourcecode.swift; path = CivoAPIClient.swift; sourceTree = "<group>"; };
		2E711DDE54B48DBE6F12D4A6 /* es */ = {isa = PBXFileReference; includeInIndex = 1; lastKnownFileType = text.plist.strings; name = es; path = es.lproj/InfoPlist.strings; sourceTree = "<group>"; };
		30C29B5780C5BD66D7761CAA /* Localizable.xcstrings */ = {isa = PBXFileReference; includeInIndex = 1; lastKnownFileType = text.json.xcstrings; path = Localizable.xcstrings; sourceTree = "<group>"; };
		323BA1EFA2434775B360EC40 /* pt */ = {isa = PBXFileReference; includeInIndex = 1; lastKnownFileType = text.plist.strings; name = pt; path = pt.lproj/InfoPlist.strings; sourceTree = "<group>"; };
		356D95AD09E1E50978D20D5C /* KubernetesViewModel.swift */ = {isa = PBXFileReference; includeInIndex = 1; lastKnownFileType = sourcecode.swift; path = KubernetesViewModel.swift; sourceTree = "<group>"; };
		371F72DDF5C28CE579789154 /* PodLogView.swift */ = {isa = PBXFileReference; includeInIndex = 1; lastKnownFileType = sourcecode.swift; path = PodLogView.swift; sourceTree = "<group>"; };
		385A5AEFCBB0529144D112AA /* APIDecodingTests.swift */ = {isa = PBXFileReference; includeInIndex = 1; lastKnownFileType = sourcecode.swift; path = APIDecodingTests.swift; sourceTree = "<group>"; };
		3A7CA8D131FFE0C87209269A /* LoadBalancerListView.swift */ = {isa = PBXFileReference; includeInIndex = 1; lastKnownFileType = sourcecode.swift; path = LoadBalancerListView.swift; sourceTree = "<group>"; };
		3AF890BB389705BC2A4C42E1 /* IPPreset.swift */ = {isa = PBXFileReference; includeInIndex = 1; lastKnownFileType = sourcecode.swift; path = IPPreset.swift; sourceTree = "<group>"; };
		3B128061D13283F1412979DC /* CivoCloudManagerApp.swift */ = {isa = PBXFileReference; includeInIndex = 1; lastKnownFileType = sourcecode.swift; path = CivoCloudManagerApp.swift; sourceTree = "<group>"; };
		3D8E2219ADA527823768CAC8 /* it */ = {isa = PBXFileReference; includeInIndex = 1; lastKnownFileType = text.plist.strings; name = it; path = it.lproj/InfoPlist.strings; sourceTree = "<group>"; };
		4052BA575096852699579B5A /* K8sStorage.swift */ = {isa = PBXFileReference; includeInIndex = 1; lastKnownFileType = sourcecode.swift; path = K8sStorage.swift; sourceTree = "<group>"; };
		41F803DCD5E699794A5E2F38 /* ObjectStoreBrowserView.swift */ = {isa = PBXFileReference; includeInIndex = 1; lastKnownFileType = sourcecode.swift; path = ObjectStoreBrowserView.swift; sourceTree = "<group>"; };
		427F5C2E5699C5774C494320 /* CivoKubernetesService.swift */ = {isa = PBXFileReference; includeInIndex = 1; lastKnownFileType = sourcecode.swift; path = CivoKubernetesService.swift; sourceTree = "<group>"; };
		44DB18154AC50CA130D2FB09 /* CredentialListView.swift */ = {isa = PBXFileReference; includeInIndex = 1; lastKnownFileType = sourcecode.swift; path = CredentialListView.swift; sourceTree = "<group>"; };
		47BC22D44A6BDA44A865773F /* MainWindowView.swift */ = {isa = PBXFileReference; includeInIndex = 1; lastKnownFileType = sourcecode.swift; path = MainWindowView.swift; sourceTree = "<group>"; };
		4A318C70F53BD9648346CAFE /* CivoLoadBalancer.swift */ = {isa = PBXFileReference; includeInIndex = 1; lastKnownFileType = sourcecode.swift; path = CivoLoadBalancer.swift; sourceTree = "<group>"; };
		4E5FEFF737E33744B27C841B /* ActivityLog.swift */ = {isa = PBXFileReference; includeInIndex = 1; lastKnownFileType = sourcecode.swift; path = ActivityLog.swift; sourceTree = "<group>"; };
		51B062260472FCFDFF253E9F /* VolumeViewModel.swift */ = {isa = PBXFileReference; includeInIndex = 1; lastKnownFileType = sourcecode.swift; path = VolumeViewModel.swift; sourceTree = "<group>"; };
		53AF79153962272EBDD278F1 /* ResourceListRow.swift */ = {isa = PBXFileReference; includeInIndex = 1; lastKnownFileType = sourcecode.swift; path = ResourceListRow.swift; sourceTree = "<group>"; };
		541FD48B68AB64C17DAEF5F2 /* ClusterDetailView.swift */ = {isa = PBXFileReference; includeInIndex = 1; lastKnownFileType = sourcecode.swift; path = ClusterDetailView.swift; sourceTree = "<group>"; };
		5531411EA45415DC78696414 /* CreateDomainView.swift */ = {isa = PBXFileReference; includeInIndex = 1; lastKnownFileType = sourcecode.swift; path = CreateDomainView.swift; sourceTree = "<group>"; };
		59B503D5F35DCF0E1704B29E /* CivoKubernetes.swift */ = {isa = PBXFileReference; includeInIndex = 1; lastKnownFileType = sourcecode.swift; path = CivoKubernetes.swift; sourceTree = "<group>"; };
		6058B306C16FA7AC278A657B /* Logger.swift */ = {isa = PBXFileReference; includeInIndex = 1; lastKnownFileType = sourcecode.swift; path = Logger.swift; sourceTree = "<group>"; };
		611244C5645319E3DD2DD6CA /* HelpView.swift */ = {isa = PBXFileReference; includeInIndex = 1; lastKnownFileType = sourcecode.swift; path = HelpView.swift; sourceTree = "<group>"; };
		618697D3D7D82F7D65EDCF86 /* PodExecView.swift */ = {isa = PBXFileReference; includeInIndex = 1; lastKnownFileType = sourcecode.swift; path = PodExecView.swift; sourceTree = "<group>"; };
		6573B0CCE355C008B097BE98 /* K8sMetrics.swift */ = {isa = PBXFileReference; includeInIndex = 1; lastKnownFileType = sourcecode.swift; path = K8sMetrics.swift; sourceTree = "<group>"; };
		65ECBE7F88791326260A0FD0 /* K8sNodeDetailView.swift */ = {isa = PBXFileReference; includeInIndex = 1; lastKnownFileType = sourcecode.swift; path = K8sNodeDetailView.swift; sourceTree = "<group>"; };
		6AC522011F72417D84D6479C /* CivoSSHKey.swift */ = {isa = PBXFileReference; includeInIndex = 1; lastKnownFileType = sourcecode.swift; path = CivoSSHKey.swift; sourceTree = "<group>"; };
		6C38900AD57D6A3AA1BE8D86 /* AboutView.swift */ = {isa = PBXFileReference; includeInIndex = 1; lastKnownFileType = sourcecode.swift; path = AboutView.swift; sourceTree = "<group>"; };
		6C416A972F713EDEE76B1EA1 /* DashboardView.swift */ = {isa = PBXFileReference; includeInIndex = 1; lastKnownFileType = sourcecode.swift; path = DashboardView.swift; sourceTree = "<group>"; };
		6C8E6CAAC1AD5DF9B154596C /* APIHealthView.swift */ = {isa = PBXFileReference; includeInIndex = 1; lastKnownFileType = sourcecode.swift; path = APIHealthView.swift; sourceTree = "<group>"; };
		6D09EE0597317A299FF33F61 /* pl */ = {isa = PBXFileReference; includeInIndex = 1; lastKnownFileType = text.plist.strings; name = pl; path = pl.lproj/InfoPlist.strings; sourceTree = "<group>"; };
		6FEC678CBA94690F848CF1F7 /* QuotaEditView.swift */ = {isa = PBXFileReference; includeInIndex = 1; lastKnownFileType = sourcecode.swift; path = QuotaEditView.swift; sourceTree = "<group>"; };
		78272E8FB0A6CE7852764B12 /* ErrorBanner.swift */ = {isa = PBXFileReference; includeInIndex = 1; lastKnownFileType = sourcecode.swift; path = ErrorBanner.swift; sourceTree = "<group>"; };
		78B5D4692DA28F2E46B9EA19 /* K8sPod.swift */ = {isa = PBXFileReference; includeInIndex = 1; lastKnownFileType = sourcecode.swift; path = K8sPod.swift; sourceTree = "<group>"; };
		7F26AD9AE845091B084D7C1F /* DatabaseViewModel.swift */ = {isa = PBXFileReference; includeInIndex = 1; lastKnownFileType = sourcecode.swift; path = DatabaseViewModel.swift; sourceTree = "<group>"; };
		837D1AE2173B4355ACCED79B /* HelmRelease.swift */ = {isa = PBXFileReference; includeInIndex = 1; lastKnownFileType = sourcecode.swift; path = HelmRelease.swift; sourceTree = "<group>"; };
		84180BA7584ACEED6FC47A99 /* ObjectStorePauseService.swift */ = {isa = PBXFileReference; includeInIndex = 1; lastKnownFileType = sourcecode.swift; path = ObjectStorePauseService.swift; sourceTree = "<group>"; };
		85983282A122A979440979C5 /* DatabaseDetailView.swift */ = {isa = PBXFileReference; includeInIndex = 1; lastKnownFileType = sourcecode.swift; path = DatabaseDetailView.swift; sourceTree = "<group>"; };
		85B6B375E3D2A3808726F712 /* VolumeListView.swift */ = {isa = PBXFileReference; includeInIndex = 1; lastKnownFileType = sourcecode.swift; path = VolumeListView.swift; sourceTree = "<group>"; };
		865A0EAD2DDB9B17FCF3CF89 /* CreateObjectStoreView.swift */ = {isa = PBXFileReference; includeInIndex = 1; lastKnownFileType = sourcecode.swift; path = CreateObjectStoreView.swift; sourceTree = "<group>"; };
		86735EED01F2D8BA1F04558F /* CostDashboardView.swift */ = {isa = PBXFileReference; includeInIndex = 1; lastKnownFileType = sourcecode.swift; path = CostDashboardView.swift; sourceTree = "<group>"; };
		88481839AA22E9CED63C5D51 /* OnboardingView.swift */ = {isa = PBXFileReference; includeInIndex = 1; lastKnownFileType = sourcecode.swift; path = OnboardingView.swift; sourceTree = "<group>"; };
		8A2B3F1204BB739A272BBB9D /* StoreManager.swift */ = {isa = PBXFileReference; includeInIndex = 1; lastKnownFileType = sourcecode.swift; path = StoreManager.swift; sourceTree = "<group>"; };
		8CD1B523085B1FE88F1390E7 /* DashboardViewModel.swift */ = {isa = PBXFileReference; includeInIndex = 1; lastKnownFileType = sourcecode.swift; path = DashboardViewModel.swift; sourceTree = "<group>"; };
		8D7334B33C94EA256DA23370 /* Info.plist */ = {isa = PBXFileReference; includeInIndex = 1; lastKnownFileType = text.plist.xml; path = Info.plist; sourceTree = "<group>"; };
		9208F7C3043B470D09B6E5F2 /* K8sPodListView.swift */ = {isa = PBXFileReference; includeInIndex = 1; lastKnownFileType = sourcecode.swift; path = K8sPodListView.swift; sourceTree = "<group>"; };
		93A67F276CE2F62C20312CD2 /* CivoInstance.swift */ = {isa = PBXFileReference; includeInIndex = 1; lastKnownFileType = sourcecode.swift; path = CivoInstance.swift; sourceTree = "<group>"; };
		94407D39E1C196B6486FC650 /* CivoChargesService.swift */ = {isa = PBXFileReference; includeInIndex = 1; lastKnownFileType = sourcecode.swift; path = CivoChargesService.swift; sourceTree = "<group>"; };
		96055EB467318C4CD630D27C /* CivoCloudManagerTests.xctest */ = {isa = PBXFileReference; explicitFileType = wrapper.cfbundle; includeInIndex = 0; name = CivoCloudManagerTests.xctest; path = "Civo Cloud Manager.xctest"; sourceTree = BUILT_PRODUCTS_DIR; };
		96924B1B50C19D9665E1D252 /* EmptyStateView.swift */ = {isa = PBXFileReference; includeInIndex = 1; lastKnownFileType = sourcecode.swift; path = EmptyStateView.swift; sourceTree = "<group>"; };
		982A7E32A9CBAD68B4E63ED5 /* CreateDatabaseView.swift */ = {isa = PBXFileReference; includeInIndex = 1; lastKnownFileType = sourcecode.swift; path = CreateDatabaseView.swift; sourceTree = "<group>"; };
		982FE02EDBEB29B9297C9B00 /* NetworkViewModel.swift */ = {isa = PBXFileReference; includeInIndex = 1; lastKnownFileType = sourcecode.swift; path = NetworkViewModel.swift; sourceTree = "<group>"; };
		9A0D734E5AADEC5426048D0D /* NetworkListView.swift */ = {isa = PBXFileReference; includeInIndex = 1; lastKnownFileType = sourcecode.swift; path = NetworkListView.swift; sourceTree = "<group>"; };
		9B01D46854B56A4823DA0330 /* QuotaGauge.swift */ = {isa = PBXFileReference; includeInIndex = 1; lastKnownFileType = sourcecode.swift; path = QuotaGauge.swift; sourceTree = "<group>"; };
		9CF001A1D2E20FC2079DBDCA /* CreateFirewallView.swift */ = {isa = PBXFileReference; includeInIndex = 1; lastKnownFileType = sourcecode.swift; path = CreateFirewallView.swift; sourceTree = "<group>"; };
		9D2DD872423A252DACA2ED1A /* CreateVolumeView.swift */ = {isa = PBXFileReference; includeInIndex = 1; lastKnownFileType = sourcecode.swift; path = CreateVolumeView.swift; sourceTree = "<group>"; };
		9D863C92BB8355FC86FD7921 /* CreateNetworkView.swift */ = {isa = PBXFileReference; includeInIndex = 1; lastKnownFileType = sourcecode.swift; path = CreateNetworkView.swift; sourceTree = "<group>"; };
		9EAF45889895EE0C2002FE44 /* AppState.swift */ = {isa = PBXFileReference; includeInIndex = 1; lastKnownFileType = sourcecode.swift; path = AppState.swift; sourceTree = "<group>"; };
		9FCA198873A8982E8D24319F /* CivoDiskImage.swift */ = {isa = PBXFileReference; includeInIndex = 1; lastKnownFileType = sourcecode.swift; path = CivoDiskImage.swift; sourceTree = "<group>"; };
		A20A85AE8A0AAB61AEB6A794 /* CivoSize.swift */ = {isa = PBXFileReference; includeInIndex = 1; lastKnownFileType = sourcecode.swift; path = CivoSize.swift; sourceTree = "<group>"; };
		A330325FCF5408E7D101EEE0 /* SSHKeyListView.swift */ = {isa = PBXFileReference; includeInIndex = 1; lastKnownFileType = sourcecode.swift; path = SSHKeyListView.swift; sourceTree = "<group>"; };
		A5D4DFF0F2B2AE3D63C83F2E /* CivoRegionService.swift */ = {isa = PBXFileReference; includeInIndex = 1; lastKnownFileType = sourcecode.swift; path = CivoRegionService.swift; sourceTree = "<group>"; };
		A99F4DBBE587D406F9C61231 /* CivoNetworkService.swift */ = {isa = PBXFileReference; includeInIndex = 1; lastKnownFileType = sourcecode.swift; path = CivoNetworkService.swift; sourceTree = "<group>"; };
		AD0F62EB7E21B32EBD060ECF /* SSHKeychain.swift */ = {isa = PBXFileReference; includeInIndex = 1; lastKnownFileType = sourcecode.swift; path = SSHKeychain.swift; sourceTree = "<group>"; };
		AE84E4DD07E304399A5562A3 /* CivoQuota.swift */ = {isa = PBXFileReference; includeInIndex = 1; lastKnownFileType = sourcecode.swift; path = CivoQuota.swift; sourceTree = "<group>"; };
		B179BC5D3C6C2737200FE5B5 /* CivoNetwork.swift */ = {isa = PBXFileReference; includeInIndex = 1; lastKnownFileType = sourcecode.swift; path = CivoNetwork.swift; sourceTree = "<group>"; };
		B1FB061BEA512A1FA88E34EA /* CreateRuleView.swift */ = {isa = PBXFileReference; includeInIndex = 1; lastKnownFileType = sourcecode.swift; path = CreateRuleView.swift; sourceTree = "<group>"; };
		B438532CEAB87ACE7FE3EAD9 /* KubernetesAPIClient.swift */ = {isa = PBXFileReference; includeInIndex = 1; lastKnownFileType = sourcecode.swift; path = KubernetesAPIClient.swift; sourceTree = "<group>"; };
		B5732ED7605F4B787E59C7E8 /* PrivacyInfo.xcprivacy */ = {isa = PBXFileReference; includeInIndex = 1; lastKnownFileType = text.xml; path = PrivacyInfo.xcprivacy; sourceTree = "<group>"; };
		B603EEEBA9DCFD1B87098CAF /* RateEditorView.swift */ = {isa = PBXFileReference; includeInIndex = 1; lastKnownFileType = sourcecode.swift; path = RateEditorView.swift; sourceTree = "<group>"; };
		B75A46752B5DE0BC53F6AA21 /* CreateSSHKeyView.swift */ = {isa = PBXFileReference; includeInIndex = 1; lastKnownFileType = sourcecode.swift; path = CreateSSHKeyView.swift; sourceTree = "<group>"; };
		B8EA322020F051CCE26A7200 /* LoadBalancerDetailView.swift */ = {isa = PBXFileReference; includeInIndex = 1; lastKnownFileType = sourcecode.swift; path = LoadBalancerDetailView.swift; sourceTree = "<group>"; };
		B90DE16F3B60F3AB46A19FAD /* CivoRegion.swift */ = {isa = PBXFileReference; includeInIndex = 1; lastKnownFileType = sourcecode.swift; path = CivoRegion.swift; sourceTree = "<group>"; };
		BB62487E4451FD2F578B3E9F /* K8sConnectingView.swift */ = {isa = PBXFileReference; includeInIndex = 1; lastKnownFileType = sourcecode.swift; path = K8sConnectingView.swift; sourceTree = "<group>"; };
		BE58D59A701E14C63EE6DB83 /* SparklineView.swift */ = {isa = PBXFileReference; includeInIndex = 1; lastKnownFileType = sourcecode.swift; path = SparklineView.swift; sourceTree = "<group>"; };
		BE75AFA851289BE4F036FCF9 /* InstanceListView.swift */ = {isa = PBXFileReference; includeInIndex = 1; lastKnownFileType = sourcecode.swift; path = InstanceListView.swift; sourceTree = "<group>"; };
		C0A04686E2FC426D2C4B8A75 /* CreateDNSRecordView.swift */ = {isa = PBXFileReference; includeInIndex = 1; lastKnownFileType = sourcecode.swift; path = CreateDNSRecordView.swift; sourceTree = "<group>"; };
		C25A7DC489DFA0E4E49034B4 /* IPDetector.swift */ = {isa = PBXFileReference; includeInIndex = 1; lastKnownFileType = sourcecode.swift; path = IPDetector.swift; sourceTree = "<group>"; };
		C50E6CD15E3F39C39FE6FAA9 /* EditLabelsView.swift */ = {isa = PBXFileReference; includeInIndex = 1; lastKnownFileType = sourcecode.swift; path = EditLabelsView.swift; sourceTree = "<group>"; };
		C75DC139DADC42F79E5D8F30 /* CivoInstanceService.swift */ = {isa = PBXFileReference; includeInIndex = 1; lastKnownFileType = sourcecode.swift; path = CivoInstanceService.swift; sourceTree = "<group>"; };
		C8164394F2606510AF90B1DC /* K8sNode.swift */ = {isa = PBXFileReference; includeInIndex = 1; lastKnownFileType = sourcecode.swift; path = K8sNode.swift; sourceTree = "<group>"; };
		C88D540C390C2B2F89971D0D /* Civo Cloud Manager.app */ = {isa = PBXFileReference; explicitFileType = wrapper.application; includeInIndex = 0; path = "Civo Cloud Manager.app"; sourceTree = BUILT_PRODUCTS_DIR; };
		CD73BD70AC93DDA0F4B4C10C /* CivoQuotaService.swift */ = {isa = PBXFileReference; includeInIndex = 1; lastKnownFileType = sourcecode.swift; path = CivoQuotaService.swift; sourceTree = "<group>"; };
		CE48C43BE86B2443BB86D258 /* DeleteConfirmationSheet.swift */ = {isa = PBXFileReference; includeInIndex = 1; lastKnownFileType = sourcecode.swift; path = DeleteConfirmationSheet.swift; sourceTree = "<group>"; };
		CEA8410988E047AA5A0FA5D8 /* StaggeredAppear.swift */ = {isa = PBXFileReference; includeInIndex = 1; lastKnownFileType = sourcecode.swift; path = StaggeredAppear.swift; sourceTree = "<group>"; };
		CFBD215B2F8D27B1006C0080 /* CivoCloudManager.storekit */ = {isa = PBXFileReference; lastKnownFileType = text; path = CivoCloudManager.storekit; sourceTree = "<group>"; };
		D09D9D127A7D5E20328F5F30 /* de */ = {isa = PBXFileReference; includeInIndex = 1; lastKnownFileType = text.plist.strings; name = de; path = de.lproj/InfoPlist.strings; sourceTree = "<group>"; };
		D33F386D8A57C822AE215281 /* CivoAccessLabel.swift */ = {isa = PBXFileReference; includeInIndex = 1; lastKnownFileType = sourcecode.swift; path = CivoAccessLabel.swift; sourceTree = "<group>"; };
		D730A1AEFCAFE05E6012ADE3 /* K8sWorkload.swift */ = {isa = PBXFileReference; includeInIndex = 1; lastKnownFileType = sourcecode.swift; path = K8sWorkload.swift; sourceTree = "<group>"; };
		DB215CC1AD313B8729ED3E16 /* CivoObjectStoreService.swift */ = {isa = PBXFileReference; includeInIndex = 1; lastKnownFileType = sourcecode.swift; path = CivoObjectStoreService.swift; sourceTree = "<group>"; };
		DB89B065ECDE31538143FC3E /* Cocoa.framework */ = {isa = PBXFileReference; lastKnownFileType = wrapper.framework; name = Cocoa.framework; path = Platforms/MacOSX.platform/Developer/SDKs/MacOSX15.0.sdk/System/Library/Frameworks/Cocoa.framework; sourceTree = DEVELOPER_DIR; };
		DBF124BAA294FA2132745A3A /* PaywallView.swift */ = {isa = PBXFileReference; includeInIndex = 1; lastKnownFileType = sourcecode.swift; path = PaywallView.swift; sourceTree = "<group>"; };
		DC352D39317C1587B65F3290 /* NotificationService.swift */ = {isa = PBXFileReference; includeInIndex = 1; lastKnownFileType = sourcecode.swift; path = NotificationService.swift; sourceTree = "<group>"; };
		DD0E621B8A284E2DEA9AD09B /* CivoDatabaseService.swift */ = {isa = PBXFileReference; includeInIndex = 1; lastKnownFileType = sourcecode.swift; path = CivoDatabaseService.swift; sourceTree = "<group>"; };
		E4E32B8C0292ABE978042F2F /* K8sConfig.swift */ = {isa = PBXFileReference; includeInIndex = 1; lastKnownFileType = sourcecode.swift; path = K8sConfig.swift; sourceTree = "<group>"; };
		E65306F70453D10A71A4761E /* K8sEvent.swift */ = {isa = PBXFileReference; includeInIndex = 1; lastKnownFileType = sourcecode.swift; path = K8sEvent.swift; sourceTree = "<group>"; };
		EC30E33A559EF2EDE5F1EFF7 /* nl */ = {isa = PBXFileReference; includeInIndex = 1; lastKnownFileType = text.plist.strings; name = nl; path = nl.lproj/InfoPlist.strings; sourceTree = "<group>"; };
		ECBA6FF0E44C565460FE7EC0 /* ExportView.swift */ = {isa = PBXFileReference; includeInIndex = 1; lastKnownFileType = sourcecode.swift; path = ExportView.swift; sourceTree = "<group>"; };
		EE9DCCC44FD39C2F22151596 /* CivoVolume.swift */ = {isa = PBXFileReference; includeInIndex = 1; lastKnownFileType = sourcecode.swift; path = CivoVolume.swift; sourceTree = "<group>"; };
		EF44F5E3DEF4B58AF3241C8A /* InstanceDetailView.swift */ = {isa = PBXFileReference; includeInIndex = 1; lastKnownFileType = sourcecode.swift; path = InstanceDetailView.swift; sourceTree = "<group>"; };
		F01918F95778C2210D574D04 /* InstanceViewModel.swift */ = {isa = PBXFileReference; includeInIndex = 1; lastKnownFileType = sourcecode.swift; path = InstanceViewModel.swift; sourceTree = "<group>"; };
		F04DB08F4D84EE1B701922E0 /* DatabaseListView.swift */ = {isa = PBXFileReference; includeInIndex = 1; lastKnownFileType = sourcecode.swift; path = DatabaseListView.swift; sourceTree = "<group>"; };
		F05D70928F4E7B5143C97B40 /* Assets.xcassets */ = {isa = PBXFileReference; includeInIndex = 1; lastKnownFileType = folder.assetcatalog; path = Assets.xcassets; sourceTree = "<group>"; };
		F22ABFE0D58271BEF1C782B6 /* KubeconfigParser.swift */ = {isa = PBXFileReference; includeInIndex = 1; lastKnownFileType = sourcecode.swift; path = KubeconfigParser.swift; sourceTree = "<group>"; };
		F2FFA22F094F0014BBCE2A8F /* CreateClusterView.swift */ = {isa = PBXFileReference; includeInIndex = 1; lastKnownFileType = sourcecode.swift; path = CreateClusterView.swift; sourceTree = "<group>"; };
		F41379F596E3D4C00FCFD675 /* DomainViewModel.swift */ = {isa = PBXFileReference; includeInIndex = 1; lastKnownFileType = sourcecode.swift; path = DomainViewModel.swift; sourceTree = "<group>"; };
		F42F5740ED2DAB63A6C76059 /* ClusterListView.swift */ = {isa = PBXFileReference; includeInIndex = 1; lastKnownFileType = sourcecode.swift; path = ClusterListView.swift; sourceTree = "<group>"; };
		F45EDC4E0AD6ACB0769F05AE /* RegionListView.swift */ = {isa = PBXFileReference; includeInIndex = 1; lastKnownFileType = sourcecode.swift; path = RegionListView.swift; sourceTree = "<group>"; };
		F4E1448D6889E0EE066A4CBB /* CivoObjectStore.swift */ = {isa = PBXFileReference; includeInIndex = 1; lastKnownFileType = sourcecode.swift; path = CivoObjectStore.swift; sourceTree = "<group>"; };
		F60841FA970B11CC88C24C39 /* CivoCloudManager.entitlements */ = {isa = PBXFileReference; includeInIndex = 1; lastKnownFileType = text.plist.entitlements; path = CivoCloudManager.entitlements; sourceTree = "<group>"; };
		F9076D7FD4A8D5253BDED5CD /* FirewallListView.swift */ = {isa = PBXFileReference; includeInIndex = 1; lastKnownFileType = sourcecode.swift; path = FirewallListView.swift; sourceTree = "<group>"; };
		F953ABDE939CB530828314B8 /* CivoConfig.swift */ = {isa = PBXFileReference; includeInIndex = 1; lastKnownFileType = sourcecode.swift; path = CivoConfig.swift; sourceTree = "<group>"; };
		FA2DCEEDC8117A41FBC2CD5B /* ObjectStoreListView.swift */ = {isa = PBXFileReference; includeInIndex = 1; lastKnownFileType = sourcecode.swift; path = ObjectStoreListView.swift; sourceTree = "<group>"; };
		FECCC382DD128691627D9B04 /* SuccessOverlay.swift */ = {isa = PBXFileReference; includeInIndex = 1; lastKnownFileType = sourcecode.swift; path = SuccessOverlay.swift; sourceTree = "<group>"; };
		FF3B983A59EFD4C3E70560F6 /* CivoFirewallService.swift */ = {isa = PBXFileReference; includeInIndex = 1; lastKnownFileType = sourcecode.swift; path = CivoFirewallService.swift; sourceTree = "<group>"; };
/* End PBXFileReference section */

/* Begin PBXFrameworksBuildPhase section */
		D04BD7B3B1CC7CC084AA4CD5 /* Frameworks */ = {
			isa = PBXFrameworksBuildPhase;
			buildActionMask = 2147483647;
			files = (
				459E8D06D65AB6DA9962A265 /* Cocoa.framework in Frameworks */,
			);
			runOnlyForDeploymentPostprocessing = 0;
		};
		F40026EE0F60ACF3CF1C1202 /* Frameworks */ = {
			isa = PBXFrameworksBuildPhase;
			buildActionMask = 2147483647;
			files = (
				2EC3DCCD6A0FF683DC0FB5E2 /* Cocoa.framework in Frameworks */,
			);
			runOnlyForDeploymentPostprocessing = 0;
		};
/* End PBXFrameworksBuildPhase section */

/* Begin PBXGroup section */
		04560B0E97642A09D3170D54 /* Account */ = {
			isa = PBXGroup;
			children = (
				6C8E6CAAC1AD5DF9B154596C /* APIHealthView.swift */,
				6C38900AD57D6A3AA1BE8D86 /* AboutView.swift */,
				F45EDC4E0AD6ACB0769F05AE /* RegionListView.swift */,
			);
			path = Account;
			sourceTree = "<group>";
		};
		1DC8AC545C8EF392005ED30A /* MainWindow */ = {
			isa = PBXGroup;
			children = (
				04560B0E97642A09D3170D54 /* Account */,
				C856C4CD77CC91D3B592FBBA /* Compute */,
				86735EED01F2D8BA1F04558F /* CostDashboardView.swift */,
				6C416A972F713EDEE76B1EA1 /* DashboardView.swift */,
				A60876F2908C509DF31EA7B0 /* Kubernetes */,
				47BC22D44A6BDA44A865773F /* MainWindowView.swift */,
				9861887B7EBF649CFABFFC4A /* Networking */,
				6FEC678CBA94690F848CF1F7 /* QuotaEditView.swift */,
				B603EEEBA9DCFD1B87098CAF /* RateEditorView.swift */,
				A3A10B326F0F89E4B6450A43 /* Storage */,
			);
			path = MainWindow;
			sourceTree = "<group>";
		};
		2FD3761C8D7AB07798C79161 /* OS X */ = {
			isa = PBXGroup;
			children = (
				DB89B065ECDE31538143FC3E /* Cocoa.framework */,
			);
			name = "OS X";
			sourceTree = "<group>";
		};
		314269E7FDD7F0ABD1FBE164 /* Products */ = {
			isa = PBXGroup;
			children = (
				C88D540C390C2B2F89971D0D /* Civo Cloud Manager.app */,
				96055EB467318C4CD630D27C /* CivoCloudManagerTests.xctest */,
			);
			name = Products;
			sourceTree = "<group>";
		};
		4F330E5CDDB568EF3829C1AF /* CivoCloudManager */ = {
			isa = PBXGroup;
			children = (
				93937C82446A9E4613411165 /* App */,
				B7931483D65555DCDDCA0E66 /* Models */,
				627914C2DEE6EF6A680D82FA /* Services */,
				F9A6F40916E4110AD5FA0C64 /* Utilities */,
				8B31AD445230B8B40C93281B /* ViewModels */,
				58A2912FECECF3AF8A17B81B /* Views */,
				F05D70928F4E7B5143C97B40 /* Assets.xcassets */,
				CFBD215B2F8D27B1006C0080 /* CivoCloudManager.storekit */,
				30C29B5780C5BD66D7761CAA /* Localizable.xcstrings */,
				B5732ED7605F4B787E59C7E8 /* PrivacyInfo.xcprivacy */,
				8D7334B33C94EA256DA23370 /* Info.plist */,
				F60841FA970B11CC88C24C39 /* CivoCloudManager.entitlements */,
				3AFE7E9501806C0FDCDDE1E9 /* InfoPlist.strings */,
			);
			path = CivoCloudManager;
			sourceTree = "<group>";
		};
		58A2912FECECF3AF8A17B81B /* Views */ = {
			isa = PBXGroup;
			children = (
				9EAF45889895EE0C2002FE44 /* AppState.swift */,
				611244C5645319E3DD2DD6CA /* HelpView.swift */,
				1DC8AC545C8EF392005ED30A /* MainWindow */,
				1E080D4B547AA2B37914090E /* MenuBarView.swift */,
				88481839AA22E9CED63C5D51 /* OnboardingView.swift */,
				E915B0CD9AD2BD585295432E /* Shared */,
			);
			path = Views;
			sourceTree = "<group>";
		};
		627914C2DEE6EF6A680D82FA /* Services */ = {
			isa = PBXGroup;
			children = (
				4E5FEFF737E33744B27C841B /* ActivityLog.swift */,
				2E3F800DB4559087DDA1A05F /* CivoAPIClient.swift */,
				94407D39E1C196B6486FC650 /* CivoChargesService.swift */,
				F953ABDE939CB530828314B8 /* CivoConfig.swift */,
				DD0E621B8A284E2DEA9AD09B /* CivoDatabaseService.swift */,
				09EC708C7CF21BD04266D608 /* CivoDomainService.swift */,
				FF3B983A59EFD4C3E70560F6 /* CivoFirewallService.swift */,
				C75DC139DADC42F79E5D8F30 /* CivoInstanceService.swift */,
				427F5C2E5699C5774C494320 /* CivoKubernetesService.swift */,
				09EFA041BE8A148D92D497B3 /* CivoLoadBalancerService.swift */,
				A99F4DBBE587D406F9C61231 /* CivoNetworkService.swift */,
				DB215CC1AD313B8729ED3E16 /* CivoObjectStoreService.swift */,
				CD73BD70AC93DDA0F4B4C10C /* CivoQuotaService.swift */,
				A5D4DFF0F2B2AE3D63C83F2E /* CivoRegionService.swift */,
				00892F556E339C6DA8722EB4 /* CivoSSHKeyService.swift */,
				23D1F2CA91D34560B712C7E9 /* CivoSizeService.swift */,
				119A83B46A65A4C30306BE66 /* CivoVolumeService.swift */,
				C25A7DC489DFA0E4E49034B4 /* IPDetector.swift */,
				F22ABFE0D58271BEF1C782B6 /* KubeconfigParser.swift */,
				B438532CEAB87ACE7FE3EAD9 /* KubernetesAPIClient.swift */,
				DC352D39317C1587B65F3290 /* NotificationService.swift */,
				84180BA7584ACEED6FC47A99 /* ObjectStorePauseService.swift */,
				2C7E5EDF83B18061721A8368 /* S3Client.swift */,
				AD0F62EB7E21B32EBD060ECF /* SSHKeychain.swift */,
				8A2B3F1204BB739A272BBB9D /* StoreManager.swift */,
			);
			path = Services;
			sourceTree = "<group>";
		};
		72ECF1884540088CA54642BE /* Frameworks */ = {
			isa = PBXGroup;
			children = (
				2FD3761C8D7AB07798C79161 /* OS X */,
			);
			name = Frameworks;
			sourceTree = "<group>";
		};
		8B31AD445230B8B40C93281B /* ViewModels */ = {
			isa = PBXGroup;
			children = (
				8CD1B523085B1FE88F1390E7 /* DashboardViewModel.swift */,
				7F26AD9AE845091B084D7C1F /* DatabaseViewModel.swift */,
				F41379F596E3D4C00FCFD675 /* DomainViewModel.swift */,
				F01918F95778C2210D574D04 /* InstanceViewModel.swift */,
				356D95AD09E1E50978D20D5C /* KubernetesViewModel.swift */,
				982FE02EDBEB29B9297C9B00 /* NetworkViewModel.swift */,
				08EA781C6BA65D4C87E30D2A /* RegionViewModel.swift */,
				51B062260472FCFDFF253E9F /* VolumeViewModel.swift */,
			);
			path = ViewModels;
			sourceTree = "<group>";
		};
		93937C82446A9E4613411165 /* App */ = {
			isa = PBXGroup;
			children = (
				3B128061D13283F1412979DC /* CivoCloudManagerApp.swift */,
			);
			path = App;
			sourceTree = "<group>";
		};
		9861887B7EBF649CFABFFC4A /* Networking */ = {
			isa = PBXGroup;
			children = (
				C0A04686E2FC426D2C4B8A75 /* CreateDNSRecordView.swift */,
				5531411EA45415DC78696414 /* CreateDomainView.swift */,
				9CF001A1D2E20FC2079DBDCA /* CreateFirewallView.swift */,
				9D863C92BB8355FC86FD7921 /* CreateNetworkView.swift */,
				B1FB061BEA512A1FA88E34EA /* CreateRuleView.swift */,
				139202D046776B2447E7538A /* DomainListView.swift */,
				05845953997D598F9CF53203 /* FirewallDetailView.swift */,
				F9076D7FD4A8D5253BDED5CD /* FirewallListView.swift */,
				B8EA322020F051CCE26A7200 /* LoadBalancerDetailView.swift */,
				3A7CA8D131FFE0C87209269A /* LoadBalancerListView.swift */,
				9A0D734E5AADEC5426048D0D /* NetworkListView.swift */,
			);
			path = Networking;
			sourceTree = "<group>";
		};
		A3A10B326F0F89E4B6450A43 /* Storage */ = {
			isa = PBXGroup;
			children = (
				982A7E32A9CBAD68B4E63ED5 /* CreateDatabaseView.swift */,
				865A0EAD2DDB9B17FCF3CF89 /* CreateObjectStoreView.swift */,
				9D2DD872423A252DACA2ED1A /* CreateVolumeView.swift */,
				44DB18154AC50CA130D2FB09 /* CredentialListView.swift */,
				85983282A122A979440979C5 /* DatabaseDetailView.swift */,
				F04DB08F4D84EE1B701922E0 /* DatabaseListView.swift */,
				41F803DCD5E699794A5E2F38 /* ObjectStoreBrowserView.swift */,
				23455AFA03C51527C20C9FD9 /* ObjectStoreDetailView.swift */,
				FA2DCEEDC8117A41FBC2CD5B /* ObjectStoreListView.swift */,
				26FD7A4BB9C1ACD67A6F662D /* ObjectStorePauseView.swift */,
				285A563A8CF0FA4390D4D938 /* VolumeDetailView.swift */,
				85B6B375E3D2A3808726F712 /* VolumeListView.swift */,
			);
			path = Storage;
			sourceTree = "<group>";
		};
		A60876F2908C509DF31EA7B0 /* Kubernetes */ = {
			isa = PBXGroup;
			children = (
				541FD48B68AB64C17DAEF5F2 /* ClusterDetailView.swift */,
				F42F5740ED2DAB63A6C76059 /* ClusterListView.swift */,
				F2FFA22F094F0014BBCE2A8F /* CreateClusterView.swift */,
				C50E6CD15E3F39C39FE6FAA9 /* EditLabelsView.swift */,
				65ECBE7F88791326260A0FD0 /* K8sNodeDetailView.swift */,
				9208F7C3043B470D09B6E5F2 /* K8sPodListView.swift */,
				618697D3D7D82F7D65EDCF86 /* PodExecView.swift */,
				371F72DDF5C28CE579789154 /* PodLogView.swift */,
			);
			path = Kubernetes;
			sourceTree = "<group>";
		};
		B203F3D1934541A1E71AFA35 /* CivoCloudManagerTests */ = {
			isa = PBXGroup;
			children = (
				385A5AEFCBB0529144D112AA /* APIDecodingTests.swift */,
			);
			path = CivoCloudManagerTests;
			sourceTree = "<group>";
		};
		B7931483D65555DCDDCA0E66 /* Models */ = {
			isa = PBXGroup;
			children = (
				D33F386D8A57C822AE215281 /* CivoAccessLabel.swift */,
				24636777C50BBB3191CDEE29 /* CivoCharge.swift */,
				1FDC2D559CDF199ED3540F04 /* CivoDatabase.swift */,
				9FCA198873A8982E8D24319F /* CivoDiskImage.swift */,
				19D85BF2203CFAB31EC1772C /* CivoDomain.swift */,
				93A67F276CE2F62C20312CD2 /* CivoInstance.swift */,
				59B503D5F35DCF0E1704B29E /* CivoKubernetes.swift */,
				4A318C70F53BD9648346CAFE /* CivoLoadBalancer.swift */,
				B179BC5D3C6C2737200FE5B5 /* CivoNetwork.swift */,
				F4E1448D6889E0EE066A4CBB /* CivoObjectStore.swift */,
				1A4FC9558B135D603AC2BB25 /* CivoObjectStoreCredential.swift */,
				AE84E4DD07E304399A5562A3 /* CivoQuota.swift */,
				B90DE16F3B60F3AB46A19FAD /* CivoRegion.swift */,
				6AC522011F72417D84D6479C /* CivoSSHKey.swift */,
				A20A85AE8A0AAB61AEB6A794 /* CivoSize.swift */,
				EE9DCCC44FD39C2F22151596 /* CivoVolume.swift */,
				229E5EEEB95B86DFFC416FD2 /* FirewallRule.swift */,
				837D1AE2173B4355ACCED79B /* HelmRelease.swift */,
				3AF890BB389705BC2A4C42E1 /* IPPreset.swift */,
				E4E32B8C0292ABE978042F2F /* K8sConfig.swift */,
				E65306F70453D10A71A4761E /* K8sEvent.swift */,
				6573B0CCE355C008B097BE98 /* K8sMetrics.swift */,
				1BEE043E08E69F46FD825EB1 /* K8sNetworking.swift */,
				C8164394F2606510AF90B1DC /* K8sNode.swift */,
				78B5D4692DA28F2E46B9EA19 /* K8sPod.swift */,
				4052BA575096852699579B5A /* K8sStorage.swift */,
				D730A1AEFCAFE05E6012ADE3 /* K8sWorkload.swift */,
				1693AEFF49056D27CAE40A92 /* PausedObjectStore.swift */,
			);
			path = Models;
			sourceTree = "<group>";
		};
		C856C4CD77CC91D3B592FBBA /* Compute */ = {
			isa = PBXGroup;
			children = (
				2C13645C38DACFF711738E83 /* CreateInstanceView.swift */,
				B75A46752B5DE0BC53F6AA21 /* CreateSSHKeyView.swift */,
				EF44F5E3DEF4B58AF3241C8A /* InstanceDetailView.swift */,
				BE75AFA851289BE4F036FCF9 /* InstanceListView.swift */,
				A330325FCF5408E7D101EEE0 /* SSHKeyListView.swift */,
			);
			path = Compute;
			sourceTree = "<group>";
		};
		DB15A2E180805CA5F250A54A = {
			isa = PBXGroup;
			children = (
				314269E7FDD7F0ABD1FBE164 /* Products */,
				72ECF1884540088CA54642BE /* Frameworks */,
				4F330E5CDDB568EF3829C1AF /* CivoCloudManager */,
				B203F3D1934541A1E71AFA35 /* CivoCloudManagerTests */,
			);
			sourceTree = "<group>";
		};
		E915B0CD9AD2BD585295432E /* Shared */ = {
			isa = PBXGroup;
			children = (
				CE48C43BE86B2443BB86D258 /* DeleteConfirmationSheet.swift */,
				96924B1B50C19D9665E1D252 /* EmptyStateView.swift */,
				78272E8FB0A6CE7852764B12 /* ErrorBanner.swift */,
				ECBA6FF0E44C565460FE7EC0 /* ExportView.swift */,
				BB62487E4451FD2F578B3E9F /* K8sConnectingView.swift */,
				DBF124BAA294FA2132745A3A /* PaywallView.swift */,
				1FFCD8C8D51F41F28ED5370D /* QuickSearchView.swift */,
				9B01D46854B56A4823DA0330 /* QuotaGauge.swift */,
				53AF79153962272EBDD278F1 /* ResourceListRow.swift */,
				1CC0859594861435DF119AAC /* SizePickerGrid.swift */,
				BE58D59A701E14C63EE6DB83 /* SparklineView.swift */,
				CEA8410988E047AA5A0FA5D8 /* StaggeredAppear.swift */,
				05DFE2E2DF24970B74AA501F /* StatusBadge.swift */,
				FECCC382DD128691627D9B04 /* SuccessOverlay.swift */,
			);
			path = Shared;
			sourceTree = "<group>";
		};
		F9A6F40916E4110AD5FA0C64 /* Utilities */ = {
			isa = PBXGroup;
			children = (
				6058B306C16FA7AC278A657B /* Logger.swift */,
			);
			path = Utilities;
			sourceTree = "<group>";
		};
/* End PBXGroup section */

/* Begin PBXNativeTarget section */
		30A94BDF0329865C334CAF4C /* CivoCloudManagerTests */ = {
			isa = PBXNativeTarget;
			buildConfigurationList = 63990519B8DA435471CBBEF2 /* Build configuration list for PBXNativeTarget "CivoCloudManagerTests" */;
			buildPhases = (
				DED82DBF0C42CEB33124D51C /* Sources */,
				D04BD7B3B1CC7CC084AA4CD5 /* Frameworks */,
				603C338348DCA62D57BED968 /* Resources */,
			);
			buildRules = (
			);
			dependencies = (
				B109D7A196619578C91F3268 /* PBXTargetDependency */,
			);
			name = CivoCloudManagerTests;
			productName = CivoCloudManagerTests;
			productReference = 96055EB467318C4CD630D27C /* CivoCloudManagerTests.xctest */;
			productType = "com.apple.product-type.bundle.unit-test";
		};
		8C1FD72A050E4F08DB9A1650 /* CivoCloudManager */ = {
			isa = PBXNativeTarget;
			buildConfigurationList = FB8980BD779EC168DED1B90B /* Build configuration list for PBXNativeTarget "CivoCloudManager" */;
			buildPhases = (
				BAFD69D89FE044A706B40A1E /* Sources */,
				F40026EE0F60ACF3CF1C1202 /* Frameworks */,
				12A37C7D024C8F7F5D7E3FA0 /* Resources */,
			);
			buildRules = (
			);
			dependencies = (
			);
			name = CivoCloudManager;
			productName = CivoCloudManager;
			productReference = C88D540C390C2B2F89971D0D /* Civo Cloud Manager.app */;
			productType = "com.apple.product-type.application";
		};
/* End PBXNativeTarget section */

/* Begin PBXProject section */
		AF5037AF23E36864EDBC4F36 /* Project object */ = {
			isa = PBXProject;
			attributes = {
				LastSwiftUpdateCheck = 1600;
				LastUpgradeCheck = 1600;
				TargetAttributes = {
					30A94BDF0329865C334CAF4C = {
						DevelopmentTeam = 7TSZJCJY88;
						ProvisioningStyle = Automatic;
					};
					8C1FD72A050E4F08DB9A1650 = {
						DevelopmentTeam = 7TSZJCJY88;
						ProvisioningStyle = Automatic;
					};
				};
			};
			buildConfigurationList = 9E549C86DB6A2094925AB740 /* Build configuration list for PBXProject "CivoCloudManager" */;
			compatibilityVersion = "Xcode 3.2";
			developmentRegion = en;
			hasScannedForEncodings = 0;
			knownRegions = (
				en,
				de,
				es,
				fr,
				it,
				nl,
				pl,
				pt,
				Base,
			);
			mainGroup = DB15A2E180805CA5F250A54A;
			productRefGroup = 314269E7FDD7F0ABD1FBE164 /* Products */;
			projectDirPath = "";
			projectRoot = "";
			targets = (
				8C1FD72A050E4F08DB9A1650 /* CivoCloudManager */,
				30A94BDF0329865C334CAF4C /* CivoCloudManagerTests */,
			);
		};
/* End PBXProject section */

/* Begin PBXResourcesBuildPhase section */
		12A37C7D024C8F7F5D7E3FA0 /* Resources */ = {
			isa = PBXResourcesBuildPhase;
			buildActionMask = 2147483647;
			files = (
				C26A84FA3B7230665144CF0E /* Assets.xcassets in Resources */,
				8613EAA5ADFEB7622FA9F267 /* Localizable.xcstrings in Resources */,
				284AC248923AA2EA5CDA17B7 /* PrivacyInfo.xcprivacy in Resources */,
				26AE2B95EE1C325878952853 /* InfoPlist.strings in Resources */,
			);
			runOnlyForDeploymentPostprocessing = 0;
		};
		603C338348DCA62D57BED968 /* Resources */ = {
			isa = PBXResourcesBuildPhase;
			buildActionMask = 2147483647;
			files = (
			);
			runOnlyForDeploymentPostprocessing = 0;
		};
/* End PBXResourcesBuildPhase section */

/* Begin PBXSourcesBuildPhase section */
		BAFD69D89FE044A706B40A1E /* Sources */ = {
			isa = PBXSourcesBuildPhase;
			buildActionMask = 2147483647;
			files = (
				34A4398F3278DF7FDF36355A /* CivoCloudManagerApp.swift in Sources */,
				9CC40A13E99804123BFAFFC3 /* CivoAccessLabel.swift in Sources */,
				3C74B884CFC49A98528A587A /* CivoCharge.swift in Sources */,
				3EEC6A5C8E952FB91D9E3CCD /* CivoDatabase.swift in Sources */,
				A492A7FBCCAE211062D50079 /* CivoDiskImage.swift in Sources */,
				A2A4F5350240F0936399A783 /* CivoDomain.swift in Sources */,
				672FBCAB272D965EEA1503A7 /* CivoInstance.swift in Sources */,
				73B424698FAA739D40320F7C /* CivoKubernetes.swift in Sources */,
				031CB4D60A65F48F84CEC130 /* CivoLoadBalancer.swift in Sources */,
				426D364547D92AF1C603A36C /* CivoNetwork.swift in Sources */,
				FAAC509E66D41F87401520CD /* CivoObjectStore.swift in Sources */,
				AFC0ECE2CD7BBEDDBF99B74A /* CivoObjectStoreCredential.swift in Sources */,
				7F9DA8BCE0824BFB59A51683 /* CivoQuota.swift in Sources */,
				D211C0CEEDBAC68A66D8E7DA /* CivoRegion.swift in Sources */,
				E2E5DE186A4B975A32D0ADD9 /* CivoSSHKey.swift in Sources */,
				907441463543C41FE777296C /* CivoSize.swift in Sources */,
				5952E1EE8CECC3F32EC5C45E /* CivoVolume.swift in Sources */,
				5C3C916FEE0BB5D8C470903A /* FirewallRule.swift in Sources */,
				7EF19B51E1ED62E56F211D5F /* HelmRelease.swift in Sources */,
				58E4FC5F2AD63FF75334D043 /* IPPreset.swift in Sources */,
				3CC8C0AFDCF2C9EAC2987D2E /* K8sConfig.swift in Sources */,
				975EC513B73253687459C6C5 /* K8sEvent.swift in Sources */,
				1F53D892FB96A5B8444E7CE1 /* K8sMetrics.swift in Sources */,
				2D237032E40313263AB2CF46 /* K8sNetworking.swift in Sources */,
				88C7C637BF28A53B3619531D /* K8sNode.swift in Sources */,
				7FEC86C8EA929C8AD1D4401A /* K8sPod.swift in Sources */,
				2B4750363DC0E85118915620 /* K8sStorage.swift in Sources */,
				E6A6AF911D33CCFEEE0A3AF6 /* K8sWorkload.swift in Sources */,
				7F7EA0C54266FD4D7D5A4ED1 /* PausedObjectStore.swift in Sources */,
				11ECB11744FF019DB7879013 /* ActivityLog.swift in Sources */,
				CCD59B14F52486292E202441 /* CivoAPIClient.swift in Sources */,
				CD1920BAE3207E9019C7B47F /* CivoChargesService.swift in Sources */,
				A8B8CE7E9765EE121B00A62E /* CivoConfig.swift in Sources */,
				F05AD484AF3628B9D2B9C577 /* CivoDatabaseService.swift in Sources */,
				A8D9E6056F792A9B5B3C146B /* CivoDomainService.swift in Sources */,
				1D6E0750575C50DCBF61A11B /* CivoFirewallService.swift in Sources */,
				CF9F71CB4409F917A64531A8 /* CivoInstanceService.swift in Sources */,
				0CAA51AE471E89CD7C79074F /* CivoKubernetesService.swift in Sources */,
				913AB386747BFB374D3AFCE2 /* CivoLoadBalancerService.swift in Sources */,
				CBE791DF55C81D2069CD3487 /* CivoNetworkService.swift in Sources */,
				B0D00784851F20F1FDAEFC13 /* CivoObjectStoreService.swift in Sources */,
				6D378161BBA02573371EC695 /* CivoQuotaService.swift in Sources */,
				BE737268568E5E5296EAAF8D /* CivoRegionService.swift in Sources */,
				C1007A55EA2064D663C8589B /* CivoSSHKeyService.swift in Sources */,
				14C34DF3D62EA50F5593AC71 /* CivoSizeService.swift in Sources */,
				407748008878968B390015AC /* CivoVolumeService.swift in Sources */,
				B9CD1BF413043BD4E942A848 /* IPDetector.swift in Sources */,
				0048C6314F5EE8F79C349F21 /* KubeconfigParser.swift in Sources */,
				AE434A3F993D37ED14D0425C /* KubernetesAPIClient.swift in Sources */,
				54ECDA98AB411E6933B11B61 /* NotificationService.swift in Sources */,
				6ABFB7143AA331C58109F97C /* ObjectStorePauseService.swift in Sources */,
				513524E90019F237FA4614DC /* S3Client.swift in Sources */,
				61F5367A5E9DD32E68020FE1 /* SSHKeychain.swift in Sources */,
				28F298316CEF805352753E99 /* StoreManager.swift in Sources */,
				6DC5321D1EB4C817873A02D1 /* Logger.swift in Sources */,
				81225037F5B1D1E36B35DDD8 /* DashboardViewModel.swift in Sources */,
				BFC24D5CFC699F0B4B3BB282 /* DatabaseViewModel.swift in Sources */,
				C0194B4EB9FCF712C42F8AAE /* DomainViewModel.swift in Sources */,
				C7595ED1E819E71B267AFC8A /* InstanceViewModel.swift in Sources */,
				9E96AAFD3703722C2DBCAE5E /* KubernetesViewModel.swift in Sources */,
				1F46619D163FA7B8C31DC396 /* NetworkViewModel.swift in Sources */,
				A0F4E426FF1D7B3A27BB7796 /* RegionViewModel.swift in Sources */,
				548833FEB722C3B9F7FE72CF /* VolumeViewModel.swift in Sources */,
				F7932F2F6136032F8147B674 /* AppState.swift in Sources */,
				3C06A1AEBCC26E75518B8C5E /* HelpView.swift in Sources */,
				13EC57681B3C60D23FCA9C5C /* APIHealthView.swift in Sources */,
				CBC10B774A879C518C119298 /* AboutView.swift in Sources */,
				B8E523E4D740B9D2E71F35B1 /* RegionListView.swift in Sources */,
				96C8BD64B63F89FC1A466BF2 /* CreateInstanceView.swift in Sources */,
				A6580612ACEB21975C669D0D /* CreateSSHKeyView.swift in Sources */,
				8329080CBAC20C99388925D8 /* InstanceDetailView.swift in Sources */,
				5C4923F752F62B65D93A16A8 /* InstanceListView.swift in Sources */,
				AAE860F53ABC3CC6A32456D1 /* SSHKeyListView.swift in Sources */,
				F6F922A548293F13A135D42B /* CostDashboardView.swift in Sources */,
				D2274BF5A9886FF813D32F58 /* DashboardView.swift in Sources */,
				71D77DA989DA3B6D59A255A3 /* ClusterDetailView.swift in Sources */,
				BF1DF65ED69D37793CA9C5F0 /* ClusterListView.swift in Sources */,
				E7F063AAE44EB61F9CBD888F /* CreateClusterView.swift in Sources */,
				4778BBCA885824866A8DAFD7 /* EditLabelsView.swift in Sources */,
				8DE6B49790C0D22A4AE4B088 /* K8sNodeDetailView.swift in Sources */,
				50405F446AC33DA87C55A96D /* K8sPodListView.swift in Sources */,
				140D7968FF9324C834F697A3 /* PodExecView.swift in Sources */,
				7C871A1C8AC91B05ED99D8D1 /* PodLogView.swift in Sources */,
				2A0541D7679D348A95BE47FA /* MainWindowView.swift in Sources */,
				4E8CDE3EFCFA23ACB58217D9 /* CreateDNSRecordView.swift in Sources */,
				35F330FC69A813F20C19C871 /* CreateDomainView.swift in Sources */,
				1BDBCC9AD214C3280BE42876 /* CreateFirewallView.swift in Sources */,
				2AB1468AFB1AA9D0DD469304 /* CreateNetworkView.swift in Sources */,
				EFA7E70AB8444AE2999DC969 /* CreateRuleView.swift in Sources */,
				892FCB7DC09D656750106A3A /* DomainListView.swift in Sources */,
				F8E59DF15B5E473A3E1EB661 /* FirewallDetailView.swift in Sources */,
				827BF0CFC34CB7D5CA8417BD /* FirewallListView.swift in Sources */,
				69F6E27FFCDC4B883A1AFD23 /* LoadBalancerDetailView.swift in Sources */,
				F509E7FC3A31BA71147F314D /* LoadBalancerListView.swift in Sources */,
				C3A4EB341CC1BA9D8FB5DB38 /* NetworkListView.swift in Sources */,
				03B0E27D9C1140A115E9D082 /* QuotaEditView.swift in Sources */,
				55F8F5D6B5EE5A2EE1966FC8 /* RateEditorView.swift in Sources */,
				F94DA13AA618B853504B71E9 /* CreateDatabaseView.swift in Sources */,
				716E6BD4C5E741C395B6C359 /* CreateObjectStoreView.swift in Sources */,
				F9C47FDCDC04C1C5006271EB /* CreateVolumeView.swift in Sources */,
				A5835E1FCB6E30D6E95108FC /* CredentialListView.swift in Sources */,
				753975F3D82D9435CD26F674 /* DatabaseDetailView.swift in Sources */,
				2EF85AB5C9373F85D1DC05E0 /* DatabaseListView.swift in Sources */,
				F13E64C912A91CE2F8FD8012 /* ObjectStoreBrowserView.swift in Sources */,
				6CCEA847DF32006176D3A9D4 /* ObjectStoreDetailView.swift in Sources */,
				0ABC1E4B52C487D93FFA2E5B /* ObjectStoreListView.swift in Sources */,
				F5743F6D3DD9D721C81B5F02 /* ObjectStorePauseView.swift in Sources */,
				396F9D2639D20D77A9D2E3DA /* VolumeDetailView.swift in Sources */,
				EC5AAB7DC191448F60CD7959 /* VolumeListView.swift in Sources */,
				69AD6A864491F4044F2B011F /* MenuBarView.swift in Sources */,
				4DB17DCC7D2CBF8F9B39921A /* OnboardingView.swift in Sources */,
				BF203900BC7433A55D6C7956 /* DeleteConfirmationSheet.swift in Sources */,
				E58574531FEC680D110F53C2 /* EmptyStateView.swift in Sources */,
				613988765DB18F19D7936F26 /* ErrorBanner.swift in Sources */,
				9E953B01155C3E5BDB427123 /* ExportView.swift in Sources */,
				321B368FDE354821E460FFEF /* K8sConnectingView.swift in Sources */,
				5548DD7A364ABF335B4644B2 /* PaywallView.swift in Sources */,
				EC3E72BAEDE07422A50EF33E /* QuickSearchView.swift in Sources */,
				512623E040E484F055DE63AC /* QuotaGauge.swift in Sources */,
				885F48ED34CA628EBE7F2828 /* ResourceListRow.swift in Sources */,
				BD448021D87AB4D03482C45A /* SizePickerGrid.swift in Sources */,
				94BA1B32385BCFAC0C0FDF89 /* SparklineView.swift in Sources */,
				A59742F6DF25FCF2EB1AE9C6 /* StaggeredAppear.swift in Sources */,
				FAAF3DCA9262EA12FE8B4DCB /* StatusBadge.swift in Sources */,
				B60C62798B450D852A9DA6BF /* SuccessOverlay.swift in Sources */,
			);
			runOnlyForDeploymentPostprocessing = 0;
		};
		DED82DBF0C42CEB33124D51C /* Sources */ = {
			isa = PBXSourcesBuildPhase;
			buildActionMask = 2147483647;
			files = (
				2DB7B02BBEF1CB62D744F3A4 /* APIDecodingTests.swift in Sources */,
			);
			runOnlyForDeploymentPostprocessing = 0;
		};
/* End PBXSourcesBuildPhase section */

/* Begin PBXTargetDependency section */
		B109D7A196619578C91F3268 /* PBXTargetDependency */ = {
			isa = PBXTargetDependency;
			name = CivoCloudManager;
			target = 8C1FD72A050E4F08DB9A1650 /* CivoCloudManager */;
			targetProxy = 6EE99BD2BFF530AE34F201DB /* PBXContainerItemProxy */;
		};
/* End PBXTargetDependency section */

/* Begin PBXVariantGroup section */
		3AFE7E9501806C0FDCDDE1E9 /* InfoPlist.strings */ = {
			isa = PBXVariantGroup;
			children = (
				1D4BDDF3AA8CE6F2EC6DD868 /* en */,
				D09D9D127A7D5E20328F5F30 /* de */,
				2E711DDE54B48DBE6F12D4A6 /* es */,
				00CD9DB9A03A109233D41DBD /* fr */,
				3D8E2219ADA527823768CAC8 /* it */,
				EC30E33A559EF2EDE5F1EFF7 /* nl */,
				6D09EE0597317A299FF33F61 /* pl */,
				323BA1EFA2434775B360EC40 /* pt */,
			);
			name = InfoPlist.strings;
			sourceTree = "<group>";
		};
/* End PBXVariantGroup section */

/* Begin XCBuildConfiguration section */
		023573AC0928689E24383C78 /* Release */ = {
			isa = XCBuildConfiguration;
			buildSettings = {
				ALWAYS_SEARCH_USER_PATHS = NO;
				ASSETCATALOG_COMPILER_APPICON_NAME = AppIcon;
				CLANG_ANALYZER_NONNULL = YES;
				CLANG_ANALYZER_NUMBER_OBJECT_CONVERSION = YES_AGGRESSIVE;
				CLANG_CXX_LANGUAGE_STANDARD = "gnu++14";
				CLANG_CXX_LIBRARY = "libc++";
				CLANG_ENABLE_MODULES = YES;
				CLANG_ENABLE_OBJC_ARC = YES;
				CLANG_ENABLE_OBJC_WEAK = YES;
				CLANG_WARN_BLOCK_CAPTURE_AUTORELEASING = YES;
				CLANG_WARN_BOOL_CONVERSION = YES;
				CLANG_WARN_COMMA = YES;
				CLANG_WARN_CONSTANT_CONVERSION = YES;
				CLANG_WARN_DEPRECATED_OBJC_IMPLEMENTATIONS = YES;
				CLANG_WARN_DIRECT_OBJC_ISA_USAGE = YES_ERROR;
				CLANG_WARN_DOCUMENTATION_COMMENTS = YES;
				CLANG_WARN_EMPTY_BODY = YES;
				CLANG_WARN_ENUM_CONVERSION = YES;
				CLANG_WARN_INFINITE_RECURSION = YES;
				CLANG_WARN_INT_CONVERSION = YES;
				CLANG_WARN_NON_LITERAL_NULL_CONVERSION = YES;
				CLANG_WARN_OBJC_IMPLICIT_RETAIN_SELF = YES;
				CLANG_WARN_OBJC_LITERAL_CONVERSION = YES;
				CLANG_WARN_OBJC_ROOT_CLASS = YES_ERROR;
				CLANG_WARN_QUOTED_INCLUDE_IN_FRAMEWORK_HEADER = YES;
				CLANG_WARN_RANGE_LOOP_ANALYSIS = YES;
				CLANG_WARN_STRICT_PROTOTYPES = YES;
				CLANG_WARN_SUSPICIOUS_MOVE = YES;
				CLANG_WARN_UNGUARDED_AVAILABILITY = YES_AGGRESSIVE;
				CLANG_WARN_UNREACHABLE_CODE = YES;
				CLANG_WARN__DUPLICATE_METHOD_MATCH = YES;
				CODE_SIGN_STYLE = Automatic;
				COMBINE_HIDPI_IMAGES = YES;
				COPY_PHASE_STRIP = NO;
				CURRENT_PROJECT_VERSION = 18;
				DEBUG_INFORMATION_FORMAT = "dwarf-with-dsym";
				DEVELOPMENT_TEAM = 7TSZJCJY88;
				ENABLE_HARDENED_RUNTIME = YES;
				ENABLE_NS_ASSERTIONS = NO;
				ENABLE_STRICT_OBJC_MSGSEND = YES;
				GCC_C_LANGUAGE_STANDARD = gnu11;
				GCC_NO_COMMON_BLOCKS = YES;
				GCC_WARN_64_TO_32_BIT_CONVERSION = YES;
				GCC_WARN_ABOUT_RETURN_TYPE = YES_ERROR;
				GCC_WARN_UNDECLARED_SELECTOR = YES;
				GCC_WARN_UNINITIALIZED_AUTOS = YES_AGGRESSIVE;
				GCC_WARN_UNUSED_FUNCTION = YES;
				GCC_WARN_UNUSED_VARIABLE = YES;
				LOCALIZATION_PREFERS_STRING_CATALOGS = YES;
				MACOSX_DEPLOYMENT_TARGET = 26.0;
				MARKETING_VERSION = 2.0.0;
				MTL_ENABLE_DEBUG_INFO = NO;
				MTL_FAST_MATH = YES;
				PRODUCT_BUNDLE_IDENTIFIER = "de.berger-rosenstock.CivoCloudManager";
				PRODUCT_NAME = "Civo Cloud Manager";
				SWIFT_EMIT_LOC_STRINGS = YES;
				SWIFT_OPTIMIZATION_LEVEL = "-Owholemodule";
				SWIFT_STRICT_CONCURRENCY = complete;
				SWIFT_VERSION = 6.0;
			};
			name = Release;
		};
		4A1725B550201E386B7C22DF /* Release */ = {
			isa = XCBuildConfiguration;
			buildSettings = {
				BUNDLE_LOADER = "$(TEST_HOST)";
				MACOSX_DEPLOYMENT_TARGET = 26.0;
				SDKROOT = macosx;
				TEST_HOST = "$(BUILT_PRODUCTS_DIR)/Civo Cloud Manager.app/Contents/MacOS/Civo Cloud Manager";
			};
			name = Release;
		};
		807AEF98F3687BDBCDFA7B05 /* Debug */ = {
			isa = XCBuildConfiguration;
			buildSettings = {
				ALWAYS_SEARCH_USER_PATHS = NO;
				ASSETCATALOG_COMPILER_APPICON_NAME = AppIcon;
				CLANG_ANALYZER_NONNULL = YES;
				CLANG_ANALYZER_NUMBER_OBJECT_CONVERSION = YES_AGGRESSIVE;
				CLANG_CXX_LANGUAGE_STANDARD = "gnu++14";
				CLANG_CXX_LIBRARY = "libc++";
				CLANG_ENABLE_MODULES = YES;
				CLANG_ENABLE_OBJC_ARC = YES;
				CLANG_ENABLE_OBJC_WEAK = YES;
				CLANG_WARN_BLOCK_CAPTURE_AUTORELEASING = YES;
				CLANG_WARN_BOOL_CONVERSION = YES;
				CLANG_WARN_COMMA = YES;
				CLANG_WARN_CONSTANT_CONVERSION = YES;
				CLANG_WARN_DEPRECATED_OBJC_IMPLEMENTATIONS = YES;
				CLANG_WARN_DIRECT_OBJC_ISA_USAGE = YES_ERROR;
				CLANG_WARN_DOCUMENTATION_COMMENTS = YES;
				CLANG_WARN_EMPTY_BODY = YES;
				CLANG_WARN_ENUM_CONVERSION = YES;
				CLANG_WARN_INFINITE_RECURSION = YES;
				CLANG_WARN_INT_CONVERSION = YES;
				CLANG_WARN_NON_LITERAL_NULL_CONVERSION = YES;
				CLANG_WARN_OBJC_IMPLICIT_RETAIN_SELF = YES;
				CLANG_WARN_OBJC_LITERAL_CONVERSION = YES;
				CLANG_WARN_OBJC_ROOT_CLASS = YES_ERROR;
				CLANG_WARN_QUOTED_INCLUDE_IN_FRAMEWORK_HEADER = YES;
				CLANG_WARN_RANGE_LOOP_ANALYSIS = YES;
				CLANG_WARN_STRICT_PROTOTYPES = YES;
				CLANG_WARN_SUSPICIOUS_MOVE = YES;
				CLANG_WARN_UNGUARDED_AVAILABILITY = YES_AGGRESSIVE;
				CLANG_WARN_UNREACHABLE_CODE = YES;
				CLANG_WARN__DUPLICATE_METHOD_MATCH = YES;
				CODE_SIGN_STYLE = Automatic;
				COMBINE_HIDPI_IMAGES = YES;
				COPY_PHASE_STRIP = NO;
				CURRENT_PROJECT_VERSION = 18;
				DEBUG_INFORMATION_FORMAT = dwarf;
				DEVELOPMENT_TEAM = 7TSZJCJY88;
				ENABLE_HARDENED_RUNTIME = YES;
				ENABLE_STRICT_OBJC_MSGSEND = YES;
				ENABLE_TESTABILITY = YES;
				GCC_C_LANGUAGE_STANDARD = gnu11;
				GCC_DYNAMIC_NO_PIC = NO;
				GCC_NO_COMMON_BLOCKS = YES;
				GCC_OPTIMIZATION_LEVEL = 0;
				GCC_PREPROCESSOR_DEFINITIONS = (
					"DEBUG=1",
					"$(inherited)",
				);
				GCC_WARN_64_TO_32_BIT_CONVERSION = YES;
				GCC_WARN_ABOUT_RETURN_TYPE = YES_ERROR;
				GCC_WARN_UNDECLARED_SELECTOR = YES;
				GCC_WARN_UNINITIALIZED_AUTOS = YES_AGGRESSIVE;
				GCC_WARN_UNUSED_FUNCTION = YES;
				GCC_WARN_UNUSED_VARIABLE = YES;
				LOCALIZATION_PREFERS_STRING_CATALOGS = YES;
				MACOSX_DEPLOYMENT_TARGET = 26.0;
				MARKETING_VERSION = 2.0.0;
				MTL_ENABLE_DEBUG_INFO = INCLUDE_SOURCE;
				MTL_FAST_MATH = YES;
				ONLY_ACTIVE_ARCH = YES;
				PRODUCT_BUNDLE_IDENTIFIER = "de.berger-rosenstock.CivoCloudManager";
				PRODUCT_NAME = "Civo Cloud Manager";
				SWIFT_ACTIVE_COMPILATION_CONDITIONS = DEBUG;
				SWIFT_EMIT_LOC_STRINGS = YES;
				SWIFT_OPTIMIZATION_LEVEL = "-Onone";
				SWIFT_STRICT_CONCURRENCY = complete;
				SWIFT_VERSION = 6.0;
			};
			name = Debug;
		};
		C46588F1DB83475C4570F998 /* Debug */ = {
			isa = XCBuildConfiguration;
			buildSettings = {
				BUNDLE_LOADER = "$(TEST_HOST)";
				MACOSX_DEPLOYMENT_TARGET = 26.0;
				SDKROOT = macosx;
				TEST_HOST = "$(BUILT_PRODUCTS_DIR)/Civo Cloud Manager.app/Contents/MacOS/Civo Cloud Manager";
			};
			name = Debug;
		};
		ED90D628976BC78B8B275920 /* Debug */ = {
			isa = XCBuildConfiguration;
			buildSettings = {
				ASSETCATALOG_COMPILER_APPICON_NAME = AppIcon;
				ASSETCATALOG_COMPILER_GLOBAL_ACCENT_COLOR_NAME = AccentColor;
				CODE_SIGN_ENTITLEMENTS = CivoCloudManager/CivoCloudManager.entitlements;
				COMBINE_HIDPI_IMAGES = YES;
				GENERATE_INFOPLIST_FILE = NO;
				INFOPLIST_FILE = CivoCloudManager/Info.plist;
				INFOPLIST_KEY_CFBundleDisplayName = "Civo Cloud Manager";
				INFOPLIST_KEY_LSApplicationCategoryType = "public.app-category.developer-tools";
				LD_RUNPATH_SEARCH_PATHS = "$(inherited) @executable_path/../Frameworks";
				MACOSX_DEPLOYMENT_TARGET = 26.0;
				SDKROOT = macosx;
			};
			name = Debug;
		};
		F8943807A8DEC3DB2B14A25F /* Release */ = {
			isa = XCBuildConfiguration;
			buildSettings = {
				ASSETCATALOG_COMPILER_APPICON_NAME = AppIcon;
				ASSETCATALOG_COMPILER_GLOBAL_ACCENT_COLOR_NAME = AccentColor;
				CODE_SIGN_ENTITLEMENTS = CivoCloudManager/CivoCloudManager.entitlements;
				COMBINE_HIDPI_IMAGES = YES;
				GENERATE_INFOPLIST_FILE = NO;
				INFOPLIST_FILE = CivoCloudManager/Info.plist;
				INFOPLIST_KEY_CFBundleDisplayName = "Civo Cloud Manager";
				INFOPLIST_KEY_LSApplicationCategoryType = "public.app-category.developer-tools";
				LD_RUNPATH_SEARCH_PATHS = "$(inherited) @executable_path/../Frameworks";
				MACOSX_DEPLOYMENT_TARGET = 26.0;
				SDKROOT = macosx;
			};
			name = Release;
		};
/* End XCBuildConfiguration section */

/* Begin XCConfigurationList section */
		63990519B8DA435471CBBEF2 /* Build configuration list for PBXNativeTarget "CivoCloudManagerTests" */ = {
			isa = XCConfigurationList;
			buildConfigurations = (
				4A1725B550201E386B7C22DF /* Release */,
				C46588F1DB83475C4570F998 /* Debug */,
			);
			defaultConfigurationIsVisible = 0;
			defaultConfigurationName = Release;
		};
		9E549C86DB6A2094925AB740 /* Build configuration list for PBXProject "CivoCloudManager" */ = {
			isa = XCConfigurationList;
			buildConfigurations = (
				807AEF98F3687BDBCDFA7B05 /* Debug */,
				023573AC0928689E24383C78 /* Release */,
			);
			defaultConfigurationIsVisible = 0;
			defaultConfigurationName = Release;
		};
		FB8980BD779EC168DED1B90B /* Build configuration list for PBXNativeTarget "CivoCloudManager" */ = {
			isa = XCConfigurationList;
			buildConfigurations = (
				F8943807A8DEC3DB2B14A25F /* Release */,
				ED90D628976BC78B8B275920 /* Debug */,
			);
			defaultConfigurationIsVisible = 0;
			defaultConfigurationName = Release;
		};
/* End XCConfigurationList section */
	};
	rootObject = AF5037AF23E36864EDBC4F36 /* Project object */;
}
